// !$*UTF8*$!
{
	archiveVersion = 1;
	classes = {
	};
	objectVersion = 50;
	objects = {

/* Begin PBXBuildFile section */
		538422A523F8AD58006CFB29 /* KeyboardLayoutConstraint.swift in Sources */ = {isa = PBXBuildFile; fileRef = 538422A423F8AD58006CFB29 /* KeyboardLayoutConstraint.swift */; };
		538422A923F8B332006CFB29 /* NewExpenseEditorModels.swift in Sources */ = {isa = PBXBuildFile; fileRef = 538422A823F8B332006CFB29 /* NewExpenseEditorModels.swift */; };
		538422E523F96D41006CFB29 /* ExtendedFoundations.framework in Frameworks */ = {isa = PBXBuildFile; fileRef = 538422D623F8BBC3006CFB29 /* ExtendedFoundations.framework */; };
		538422E623F96D41006CFB29 /* ExtendedFoundations.framework in Embed Frameworks */ = {isa = PBXBuildFile; fileRef = 538422D623F8BBC3006CFB29 /* ExtendedFoundations.framework */; settings = {ATTRIBUTES = (CodeSignOnCopy, RemoveHeadersOnCopy, ); }; };
		538422EF23F972F7006CFB29 /* Localizable.strings in Resources */ = {isa = PBXBuildFile; fileRef = 538422EE23F972F7006CFB29 /* Localizable.strings */; };
		5389CEAA23F72AE200990E88 /* UIViewController+extensions.swift in Sources */ = {isa = PBXBuildFile; fileRef = 5389CEA923F72AE200990E88 /* UIViewController+extensions.swift */; };
		5389CEAC23F72BA100990E88 /* ApplicationWireframe.swift in Sources */ = {isa = PBXBuildFile; fileRef = 5389CEAB23F72BA100990E88 /* ApplicationWireframe.swift */; };
		5389CEAE23F7356E00990E88 /* ApplicationModule+ExpensesEditor.swift in Sources */ = {isa = PBXBuildFile; fileRef = 5389CEAD23F7356E00990E88 /* ApplicationModule+ExpensesEditor.swift */; };
		5389CEB223F7385300990E88 /* ApplicationModule.swift in Sources */ = {isa = PBXBuildFile; fileRef = 5389CEB123F7385300990E88 /* ApplicationModule.swift */; };
		5389CEB723F741A000990E88 /* Account.swift in Sources */ = {isa = PBXBuildFile; fileRef = 5389CEB623F741A000990E88 /* Account.swift */; };
		5389CEB923F741F400990E88 /* Expense.swift in Sources */ = {isa = PBXBuildFile; fileRef = 5389CEB823F741F400990E88 /* Expense.swift */; };
		5389CEBB23F7425600990E88 /* ExpensesEditorInteractor.swift in Sources */ = {isa = PBXBuildFile; fileRef = 5389CEBA23F7425600990E88 /* ExpensesEditorInteractor.swift */; };
		5389CEBE23F7429400990E88 /* DataStorage.swift in Sources */ = {isa = PBXBuildFile; fileRef = 5389CEBD23F7429400990E88 /* DataStorage.swift */; };
		5389CEC023F742BE00990E88 /* ApplicationStorage.swift in Sources */ = {isa = PBXBuildFile; fileRef = 5389CEBF23F742BE00990E88 /* ApplicationStorage.swift */; };
		5389CEC223F7430800990E88 /* UserDefaultsDataStorage.swift in Sources */ = {isa = PBXBuildFile; fileRef = 5389CEC123F7430800990E88 /* UserDefaultsDataStorage.swift */; };
		5389CEC923F7443A00990E88 /* UserDefaultsStorageKey.swift in Sources */ = {isa = PBXBuildFile; fileRef = 5389CEC823F7443A00990E88 /* UserDefaultsStorageKey.swift */; };
		5389CECB23F7446700990E88 /* UserDefaults+extension.swift in Sources */ = {isa = PBXBuildFile; fileRef = 5389CECA23F7446700990E88 /* UserDefaults+extension.swift */; };
		5389CECE23F745D700990E88 /* GenericError.swift in Sources */ = {isa = PBXBuildFile; fileRef = 5389CECD23F745D700990E88 /* GenericError.swift */; };
		5389CED623F74B0000990E88 /* MockDataStorage.swift in Sources */ = {isa = PBXBuildFile; fileRef = 5389CED523F74B0000990E88 /* MockDataStorage.swift */; };
		5389CEDE23F760E500990E88 /* UserDefaultsDataStorage+Tests.swift in Sources */ = {isa = PBXBuildFile; fileRef = 5389CEDD23F760E500990E88 /* UserDefaultsDataStorage+Tests.swift */; };
		5389CEE123F761C500990E88 /* UserDefaults+extensions.swift in Sources */ = {isa = PBXBuildFile; fileRef = 5389CEE023F761C500990E88 /* UserDefaults+extensions.swift */; };
		5389CEE223F7648A00990E88 /* RxCocoa.framework in Frameworks */ = {isa = PBXBuildFile; fileRef = 53B7F05C23F727DD00700431 /* RxCocoa.framework */; };
		5389CEE323F7648A00990E88 /* RxRelay.framework in Frameworks */ = {isa = PBXBuildFile; fileRef = 53B7F05B23F727DD00700431 /* RxRelay.framework */; };
		5389CEE423F7648A00990E88 /* RxSwift.framework in Frameworks */ = {isa = PBXBuildFile; fileRef = 53B7F05D23F727DD00700431 /* RxSwift.framework */; };
		5389CEE723F76AD200990E88 /* ApplicationModule+NewExpenseEditor.swift in Sources */ = {isa = PBXBuildFile; fileRef = 5389CEE623F76AD200990E88 /* ApplicationModule+NewExpenseEditor.swift */; };
		5389CEE923F76AEA00990E88 /* NewExpenseEditorView.swift in Sources */ = {isa = PBXBuildFile; fileRef = 5389CEE823F76AEA00990E88 /* NewExpenseEditorView.swift */; };
		5389CEEB23F76AF700990E88 /* NewExpenseEditorPresenter.swift in Sources */ = {isa = PBXBuildFile; fileRef = 5389CEEA23F76AF700990E88 /* NewExpenseEditorPresenter.swift */; };
		5389CEEE23F7EA0B00990E88 /* EmptyView.xib in Resources */ = {isa = PBXBuildFile; fileRef = 5389CEED23F7EA0B00990E88 /* EmptyView.xib */; };
		5389CEF123F7EA5100990E88 /* EmptyView.swift in Sources */ = {isa = PBXBuildFile; fileRef = 5389CEF023F7EA5100990E88 /* EmptyView.swift */; };
		5389CEF323F7EEF000990E88 /* UIEmptiable.swift in Sources */ = {isa = PBXBuildFile; fileRef = 5389CEF223F7EEF000990E88 /* UIEmptiable.swift */; };
		5389CEFA23F82FA400990E88 /* ModalViewController.swift in Sources */ = {isa = PBXBuildFile; fileRef = 5389CEF923F82FA400990E88 /* ModalViewController.swift */; };
		539CC5A923F97AAC00A908D3 /* AccountSettingsView.swift in Sources */ = {isa = PBXBuildFile; fileRef = 539CC5A823F97AAC00A908D3 /* AccountSettingsView.swift */; };
		539CC5AB23F97ABA00A908D3 /* AccountSettingsPresenter.swift in Sources */ = {isa = PBXBuildFile; fileRef = 539CC5AA23F97AB900A908D3 /* AccountSettingsPresenter.swift */; };
		539CC5AD23F97AD700A908D3 /* ApplicationModule+AccountSettings.swift in Sources */ = {isa = PBXBuildFile; fileRef = 539CC5AC23F97AD700A908D3 /* ApplicationModule+AccountSettings.swift */; };
		539CC5AF23F97AE400A908D3 /* AccountSettingsModels.swift in Sources */ = {isa = PBXBuildFile; fileRef = 539CC5AE23F97AE400A908D3 /* AccountSettingsModels.swift */; };
		539CC5B523F9922400A908D3 /* ApplicationModule+AccountsEditor.swift in Sources */ = {isa = PBXBuildFile; fileRef = 539CC5B423F9922400A908D3 /* ApplicationModule+AccountsEditor.swift */; };
		539CC5B723F9924800A908D3 /* AccountsEditorView.swift in Sources */ = {isa = PBXBuildFile; fileRef = 539CC5B623F9924800A908D3 /* AccountsEditorView.swift */; };
		539CC5B923F9925300A908D3 /* AccountsEditorPresenter.swift in Sources */ = {isa = PBXBuildFile; fileRef = 539CC5B823F9925300A908D3 /* AccountsEditorPresenter.swift */; };
		539CC5BB23F992E900A908D3 /* AccountsEditorModels.swift in Sources */ = {isa = PBXBuildFile; fileRef = 539CC5BA23F992E900A908D3 /* AccountsEditorModels.swift */; };
		53B7F03423F7221400700431 /* AppDelegate.swift in Sources */ = {isa = PBXBuildFile; fileRef = 53B7F03323F7221400700431 /* AppDelegate.swift */; };
		53B7F03623F7221400700431 /* SceneDelegate.swift in Sources */ = {isa = PBXBuildFile; fileRef = 53B7F03523F7221400700431 /* SceneDelegate.swift */; };
		53B7F03B23F7221400700431 /* Application.storyboard in Resources */ = {isa = PBXBuildFile; fileRef = 53B7F03923F7221400700431 /* Application.storyboard */; };
		53B7F03D23F7221800700431 /* Assets.xcassets in Resources */ = {isa = PBXBuildFile; fileRef = 53B7F03C23F7221800700431 /* Assets.xcassets */; };
		53B7F04023F7221800700431 /* LaunchScreen.storyboard in Resources */ = {isa = PBXBuildFile; fileRef = 53B7F03E23F7221800700431 /* LaunchScreen.storyboard */; };
		53B7F05723F722CB00700431 /* ExpensesEditorView.swift in Sources */ = {isa = PBXBuildFile; fileRef = 53B7F05623F722CB00700431 /* ExpensesEditorView.swift */; };
		53B7F05923F7235500700431 /* ExpensesEditorPresenter.swift in Sources */ = {isa = PBXBuildFile; fileRef = 53B7F05823F7235500700431 /* ExpensesEditorPresenter.swift */; };
		53B7F06123F727E400700431 /* RxCocoa.framework in Frameworks */ = {isa = PBXBuildFile; fileRef = 53B7F05C23F727DD00700431 /* RxCocoa.framework */; };
		53B7F06223F727E400700431 /* RxCocoa.framework in Embed Frameworks */ = {isa = PBXBuildFile; fileRef = 53B7F05C23F727DD00700431 /* RxCocoa.framework */; settings = {ATTRIBUTES = (CodeSignOnCopy, RemoveHeadersOnCopy, ); }; };
		53B7F06423F727E600700431 /* RxRelay.framework in Frameworks */ = {isa = PBXBuildFile; fileRef = 53B7F05B23F727DD00700431 /* RxRelay.framework */; };
		53B7F06523F727E600700431 /* RxRelay.framework in Embed Frameworks */ = {isa = PBXBuildFile; fileRef = 53B7F05B23F727DD00700431 /* RxRelay.framework */; settings = {ATTRIBUTES = (CodeSignOnCopy, RemoveHeadersOnCopy, ); }; };
		53B7F06623F727E700700431 /* RxSwift.framework in Frameworks */ = {isa = PBXBuildFile; fileRef = 53B7F05D23F727DD00700431 /* RxSwift.framework */; };
		53B7F06723F727E700700431 /* RxSwift.framework in Embed Frameworks */ = {isa = PBXBuildFile; fileRef = 53B7F05D23F727DD00700431 /* RxSwift.framework */; settings = {ATTRIBUTES = (CodeSignOnCopy, RemoveHeadersOnCopy, ); }; };
		53E2EF5623F99B0F00138545 /* UITableView+extensions.swift in Sources */ = {isa = PBXBuildFile; fileRef = 53E2EF5523F99B0F00138545 /* UITableView+extensions.swift */; };
		53E2EF5E23F9A4A500138545 /* AccountsQuery.swift in Sources */ = {isa = PBXBuildFile; fileRef = 53E2EF5D23F9A4A500138545 /* AccountsQuery.swift */; };
		53E2EF6423F9A73100138545 /* ExpensesQuery.swift in Sources */ = {isa = PBXBuildFile; fileRef = 53E2EF6323F9A73100138545 /* ExpensesQuery.swift */; };
		53E2EF6623F9A99300138545 /* Identifiable.swift in Sources */ = {isa = PBXBuildFile; fileRef = 53E2EF6523F9A99300138545 /* Identifiable.swift */; };
		53E2EF6823F9AE8100138545 /* AccountsEditorInteractor.swift in Sources */ = {isa = PBXBuildFile; fileRef = 53E2EF6723F9AE8100138545 /* AccountsEditorInteractor.swift */; };
		53E2EF6B23F9C83B00138545 /* Label.swift in Sources */ = {isa = PBXBuildFile; fileRef = 53E2EF6A23F9C83B00138545 /* Label.swift */; };
		53E2EF6D23F9CA2400138545 /* UIFontTextStyle+extensions.swift in Sources */ = {isa = PBXBuildFile; fileRef = 53E2EF6C23F9CA2400138545 /* UIFontTextStyle+extensions.swift */; };
		53E2EF7A23F9CC6100138545 /* Main-Regular.ttf in Resources */ = {isa = PBXBuildFile; fileRef = 53E2EF7023F9CC6000138545 /* Main-Regular.ttf */; };
		53E2EF7B23F9CC6100138545 /* Lato-Black.ttf in Resources */ = {isa = PBXBuildFile; fileRef = 53E2EF7123F9CC6000138545 /* Lato-Black.ttf */; };
		53E2EF7C23F9CC6100138545 /* Main-Bold.ttf in Resources */ = {isa = PBXBuildFile; fileRef = 53E2EF7223F9CC6000138545 /* Main-Bold.ttf */; };
		53E2EF7D23F9CC6100138545 /* Lato-LightItalic.ttf in Resources */ = {isa = PBXBuildFile; fileRef = 53E2EF7323F9CC6100138545 /* Lato-LightItalic.ttf */; };
		53E2EF7E23F9CC6100138545 /* Lato-HairlineItalic.ttf in Resources */ = {isa = PBXBuildFile; fileRef = 53E2EF7423F9CC6100138545 /* Lato-HairlineItalic.ttf */; };
		53E2EF7F23F9CC6100138545 /* Lato-Italic.ttf in Resources */ = {isa = PBXBuildFile; fileRef = 53E2EF7523F9CC6100138545 /* Lato-Italic.ttf */; };
		53E2EF8023F9CC6100138545 /* Lato-Hairline.ttf in Resources */ = {isa = PBXBuildFile; fileRef = 53E2EF7623F9CC6100138545 /* Lato-Hairline.ttf */; };
		53E2EF8123F9CC6100138545 /* Lato-BoldItalic.ttf in Resources */ = {isa = PBXBuildFile; fileRef = 53E2EF7723F9CC6100138545 /* Lato-BoldItalic.ttf */; };
		53E2EF8223F9CC6100138545 /* Main-Light.ttf in Resources */ = {isa = PBXBuildFile; fileRef = 53E2EF7823F9CC6100138545 /* Main-Light.ttf */; };
		53E2EF8323F9CC6100138545 /* Lato-BlackItalic.ttf in Resources */ = {isa = PBXBuildFile; fileRef = 53E2EF7923F9CC6100138545 /* Lato-BlackItalic.ttf */; };
		53E2EF8A23F9D4CC00138545 /* AppFont.swift in Sources */ = {isa = PBXBuildFile; fileRef = 53E2EF8923F9D4CC00138545 /* AppFont.swift */; };
		53E2EF8C23F9D7EA00138545 /* Button.swift in Sources */ = {isa = PBXBuildFile; fileRef = 53E2EF8B23F9D7EA00138545 /* Button.swift */; };
		53E2EF8F23F9DE2400138545 /* ColorSelector.swift in Sources */ = {isa = PBXBuildFile; fileRef = 53E2EF8E23F9DE2400138545 /* ColorSelector.swift */; };
		53E2EF9723F9F60C00138545 /* ColorSelectorCell.swift in Sources */ = {isa = PBXBuildFile; fileRef = 53E2EF9623F9F60C00138545 /* ColorSelectorCell.swift */; };
		53E2EF9D23FA0DF700138545 /* Color.swift in Sources */ = {isa = PBXBuildFile; fileRef = 53E2EF9C23FA0DF700138545 /* Color.swift */; };
		53E2EF9F23FA0E5B00138545 /* UIColor+extensions.swift in Sources */ = {isa = PBXBuildFile; fileRef = 53E2EF9E23FA0E5B00138545 /* UIColor+extensions.swift */; };
		53F2BC5A23FB0D7E005D0433 /* TextField.swift in Sources */ = {isa = PBXBuildFile; fileRef = 53F2BC5923FB0D7E005D0433 /* TextField.swift */; };
		53F2BC5D23FB0D99005D0433 /* MaterialTextField.framework in Frameworks */ = {isa = PBXBuildFile; fileRef = 53F2BC5B23FB0D91005D0433 /* MaterialTextField.framework */; };
		53F2BC5E23FB0D99005D0433 /* MaterialTextField.framework in Embed Frameworks */ = {isa = PBXBuildFile; fileRef = 53F2BC5B23FB0D91005D0433 /* MaterialTextField.framework */; settings = {ATTRIBUTES = (CodeSignOnCopy, RemoveHeadersOnCopy, ); }; };
		53F2BC6023FBF173005D0433 /* ExpenseType.swift in Sources */ = {isa = PBXBuildFile; fileRef = 53F2BC5F23FBF173005D0433 /* ExpenseType.swift */; };
		53F2BC6223FBFCA2005D0433 /* AccountsEditorModuleInput.swift in Sources */ = {isa = PBXBuildFile; fileRef = 53F2BC6123FBFCA2005D0433 /* AccountsEditorModuleInput.swift */; };
		53F2BC6423FBFCC9005D0433 /* AccountSettingsModuleInput.swift in Sources */ = {isa = PBXBuildFile; fileRef = 53F2BC6323FBFCC9005D0433 /* AccountSettingsModuleInput.swift */; };
		53F2BC6623FBFCFE005D0433 /* ExpensesEditorModuleInput.swift in Sources */ = {isa = PBXBuildFile; fileRef = 53F2BC6523FBFCFE005D0433 /* ExpensesEditorModuleInput.swift */; };
		53F2BC6823FBFD47005D0433 /* NewExpenseEditorModuleInput.swift in Sources */ = {isa = PBXBuildFile; fileRef = 53F2BC6723FBFD47005D0433 /* NewExpenseEditorModuleInput.swift */; };
		53F2BC6A23FC1B3F005D0433 /* AccountSettingsInteractor.swift in Sources */ = {isa = PBXBuildFile; fileRef = 53F2BC6923FC1B3F005D0433 /* AccountSettingsInteractor.swift */; };
		53F2BC6C23FC1BEA005D0433 /* Observable+extensions.swift in Sources */ = {isa = PBXBuildFile; fileRef = 53F2BC6B23FC1BEA005D0433 /* Observable+extensions.swift */; };
		53F2BC6E23FC1C73005D0433 /* BusinessError.swift in Sources */ = {isa = PBXBuildFile; fileRef = 53F2BC6D23FC1C73005D0433 /* BusinessError.swift */; };
		53F2BC7023FC30AB005D0433 /* ExpensesEditorModels.swift in Sources */ = {isa = PBXBuildFile; fileRef = 53F2BC6F23FC30AB005D0433 /* ExpensesEditorModels.swift */; };
/* End PBXBuildFile section */

/* Begin PBXContainerItemProxy section */
		538422D523F8BBC3006CFB29 /* PBXContainerItemProxy */ = {
			isa = PBXContainerItemProxy;
			containerPortal = 538422D023F8BBC3006CFB29 /* ExtendedFoundations.xcodeproj */;
			proxyType = 2;
			remoteGlobalIDString = 538422B623F8BBAE006CFB29;
			remoteInfo = ExtendedFoundations;
		};
		538422D723F8BBC3006CFB29 /* PBXContainerItemProxy */ = {
			isa = PBXContainerItemProxy;
			containerPortal = 538422D023F8BBC3006CFB29 /* ExtendedFoundations.xcodeproj */;
			proxyType = 2;
			remoteGlobalIDString = 538422BF23F8BBAE006CFB29;
			remoteInfo = ExtendedFoundationsTests;
		};
		53B7F04723F7221800700431 /* PBXContainerItemProxy */ = {
			isa = PBXContainerItemProxy;
			containerPortal = 53B7F02823F7221400700431 /* Project object */;
			proxyType = 1;
			remoteGlobalIDString = 53B7F02F23F7221400700431;
			remoteInfo = PocketBudget;
		};
/* End PBXContainerItemProxy section */

/* Begin PBXCopyFilesBuildPhase section */
		53B7F06323F727E400700431 /* Embed Frameworks */ = {
			isa = PBXCopyFilesBuildPhase;
			buildActionMask = 2147483647;
			dstPath = "";
			dstSubfolderSpec = 10;
			files = (
				538422E623F96D41006CFB29 /* ExtendedFoundations.framework in Embed Frameworks */,
				53B7F06523F727E600700431 /* RxRelay.framework in Embed Frameworks */,
				53F2BC5E23FB0D99005D0433 /* MaterialTextField.framework in Embed Frameworks */,
				53B7F06223F727E400700431 /* RxCocoa.framework in Embed Frameworks */,
				53B7F06723F727E700700431 /* RxSwift.framework in Embed Frameworks */,
			);
			name = "Embed Frameworks";
			runOnlyForDeploymentPostprocessing = 0;
		};
/* End PBXCopyFilesBuildPhase section */

/* Begin PBXFileReference section */
		538422A423F8AD58006CFB29 /* KeyboardLayoutConstraint.swift */ = {isa = PBXFileReference; lastKnownFileType = sourcecode.swift; path = KeyboardLayoutConstraint.swift; sourceTree = "<group>"; };
		538422A823F8B332006CFB29 /* NewExpenseEditorModels.swift */ = {isa = PBXFileReference; lastKnownFileType = sourcecode.swift; path = NewExpenseEditorModels.swift; sourceTree = "<group>"; };
		538422D023F8BBC3006CFB29 /* ExtendedFoundations.xcodeproj */ = {isa = PBXFileReference; lastKnownFileType = "wrapper.pb-project"; name = ExtendedFoundations.xcodeproj; path = ExtendedFoundations/ExtendedFoundations.xcodeproj; sourceTree = "<group>"; };
		538422EE23F972F7006CFB29 /* Localizable.strings */ = {isa = PBXFileReference; lastKnownFileType = text.plist.strings; path = Localizable.strings; sourceTree = "<group>"; };
		5389CEA923F72AE200990E88 /* UIViewController+extensions.swift */ = {isa = PBXFileReference; lastKnownFileType = sourcecode.swift; path = "UIViewController+extensions.swift"; sourceTree = "<group>"; };
		5389CEAB23F72BA100990E88 /* ApplicationWireframe.swift */ = {isa = PBXFileReference; lastKnownFileType = sourcecode.swift; path = ApplicationWireframe.swift; sourceTree = "<group>"; };
		5389CEAD23F7356E00990E88 /* ApplicationModule+ExpensesEditor.swift */ = {isa = PBXFileReference; lastKnownFileType = sourcecode.swift; path = "ApplicationModule+ExpensesEditor.swift"; sourceTree = "<group>"; };
		5389CEB123F7385300990E88 /* ApplicationModule.swift */ = {isa = PBXFileReference; lastKnownFileType = sourcecode.swift; path = ApplicationModule.swift; sourceTree = "<group>"; };
		5389CEB623F741A000990E88 /* Account.swift */ = {isa = PBXFileReference; lastKnownFileType = sourcecode.swift; path = Account.swift; sourceTree = "<group>"; };
		5389CEB823F741F400990E88 /* Expense.swift */ = {isa = PBXFileReference; lastKnownFileType = sourcecode.swift; path = Expense.swift; sourceTree = "<group>"; };
		5389CEBA23F7425600990E88 /* ExpensesEditorInteractor.swift */ = {isa = PBXFileReference; lastKnownFileType = sourcecode.swift; path = ExpensesEditorInteractor.swift; sourceTree = "<group>"; };
		5389CEBD23F7429400990E88 /* DataStorage.swift */ = {isa = PBXFileReference; lastKnownFileType = sourcecode.swift; path = DataStorage.swift; sourceTree = "<group>"; };
		5389CEBF23F742BE00990E88 /* ApplicationStorage.swift */ = {isa = PBXFileReference; lastKnownFileType = sourcecode.swift; path = ApplicationStorage.swift; sourceTree = "<group>"; };
		5389CEC123F7430800990E88 /* UserDefaultsDataStorage.swift */ = {isa = PBXFileReference; lastKnownFileType = sourcecode.swift; path = UserDefaultsDataStorage.swift; sourceTree = "<group>"; };
		5389CEC823F7443A00990E88 /* UserDefaultsStorageKey.swift */ = {isa = PBXFileReference; lastKnownFileType = sourcecode.swift; path = UserDefaultsStorageKey.swift; sourceTree = "<group>"; };
		5389CECA23F7446700990E88 /* UserDefaults+extension.swift */ = {isa = PBXFileReference; lastKnownFileType = sourcecode.swift; path = "UserDefaults+extension.swift"; sourceTree = "<group>"; };
		5389CECD23F745D700990E88 /* GenericError.swift */ = {isa = PBXFileReference; lastKnownFileType = sourcecode.swift; path = GenericError.swift; sourceTree = "<group>"; };
		5389CED523F74B0000990E88 /* MockDataStorage.swift */ = {isa = PBXFileReference; lastKnownFileType = sourcecode.swift; path = MockDataStorage.swift; sourceTree = "<group>"; };
		5389CEDD23F760E500990E88 /* UserDefaultsDataStorage+Tests.swift */ = {isa = PBXFileReference; lastKnownFileType = sourcecode.swift; path = "UserDefaultsDataStorage+Tests.swift"; sourceTree = "<group>"; };
		5389CEE023F761C500990E88 /* UserDefaults+extensions.swift */ = {isa = PBXFileReference; lastKnownFileType = sourcecode.swift; path = "UserDefaults+extensions.swift"; sourceTree = "<group>"; };
		5389CEE623F76AD200990E88 /* ApplicationModule+NewExpenseEditor.swift */ = {isa = PBXFileReference; lastKnownFileType = sourcecode.swift; path = "ApplicationModule+NewExpenseEditor.swift"; sourceTree = "<group>"; };
		5389CEE823F76AEA00990E88 /* NewExpenseEditorView.swift */ = {isa = PBXFileReference; lastKnownFileType = sourcecode.swift; path = NewExpenseEditorView.swift; sourceTree = "<group>"; };
		5389CEEA23F76AF700990E88 /* NewExpenseEditorPresenter.swift */ = {isa = PBXFileReference; lastKnownFileType = sourcecode.swift; path = NewExpenseEditorPresenter.swift; sourceTree = "<group>"; };
		5389CEED23F7EA0B00990E88 /* EmptyView.xib */ = {isa = PBXFileReference; lastKnownFileType = file.xib; path = EmptyView.xib; sourceTree = "<group>"; };
		5389CEF023F7EA5100990E88 /* EmptyView.swift */ = {isa = PBXFileReference; lastKnownFileType = sourcecode.swift; path = EmptyView.swift; sourceTree = "<group>"; };
		5389CEF223F7EEF000990E88 /* UIEmptiable.swift */ = {isa = PBXFileReference; lastKnownFileType = sourcecode.swift; path = UIEmptiable.swift; sourceTree = "<group>"; };
		5389CEF923F82FA400990E88 /* ModalViewController.swift */ = {isa = PBXFileReference; lastKnownFileType = sourcecode.swift; path = ModalViewController.swift; sourceTree = "<group>"; };
		539CC5A823F97AAC00A908D3 /* AccountSettingsView.swift */ = {isa = PBXFileReference; lastKnownFileType = sourcecode.swift; path = AccountSettingsView.swift; sourceTree = "<group>"; };
		539CC5AA23F97AB900A908D3 /* AccountSettingsPresenter.swift */ = {isa = PBXFileReference; lastKnownFileType = sourcecode.swift; path = AccountSettingsPresenter.swift; sourceTree = "<group>"; };
		539CC5AC23F97AD700A908D3 /* ApplicationModule+AccountSettings.swift */ = {isa = PBXFileReference; lastKnownFileType = sourcecode.swift; path = "ApplicationModule+AccountSettings.swift"; sourceTree = "<group>"; };
		539CC5AE23F97AE400A908D3 /* AccountSettingsModels.swift */ = {isa = PBXFileReference; lastKnownFileType = sourcecode.swift; path = AccountSettingsModels.swift; sourceTree = "<group>"; };
		539CC5B423F9922400A908D3 /* ApplicationModule+AccountsEditor.swift */ = {isa = PBXFileReference; lastKnownFileType = sourcecode.swift; path = "ApplicationModule+AccountsEditor.swift"; sourceTree = "<group>"; };
		539CC5B623F9924800A908D3 /* AccountsEditorView.swift */ = {isa = PBXFileReference; lastKnownFileType = sourcecode.swift; path = AccountsEditorView.swift; sourceTree = "<group>"; };
		539CC5B823F9925300A908D3 /* AccountsEditorPresenter.swift */ = {isa = PBXFileReference; lastKnownFileType = sourcecode.swift; path = AccountsEditorPresenter.swift; sourceTree = "<group>"; };
		539CC5BA23F992E900A908D3 /* AccountsEditorModels.swift */ = {isa = PBXFileReference; lastKnownFileType = sourcecode.swift; path = AccountsEditorModels.swift; sourceTree = "<group>"; };
		53B7F03023F7221400700431 /* PocketBudget.app */ = {isa = PBXFileReference; explicitFileType = wrapper.application; includeInIndex = 0; path = PocketBudget.app; sourceTree = BUILT_PRODUCTS_DIR; };
		53B7F03323F7221400700431 /* AppDelegate.swift */ = {isa = PBXFileReference; lastKnownFileType = sourcecode.swift; path = AppDelegate.swift; sourceTree = "<group>"; };
		53B7F03523F7221400700431 /* SceneDelegate.swift */ = {isa = PBXFileReference; lastKnownFileType = sourcecode.swift; path = SceneDelegate.swift; sourceTree = "<group>"; };
		53B7F03A23F7221400700431 /* Base */ = {isa = PBXFileReference; lastKnownFileType = file.storyboard; name = Base; path = Base.lproj/Application.storyboard; sourceTree = "<group>"; };
		53B7F03C23F7221800700431 /* Assets.xcassets */ = {isa = PBXFileReference; lastKnownFileType = folder.assetcatalog; path = Assets.xcassets; sourceTree = "<group>"; };
		53B7F03F23F7221800700431 /* Base */ = {isa = PBXFileReference; lastKnownFileType = file.storyboard; name = Base; path = Base.lproj/LaunchScreen.storyboard; sourceTree = "<group>"; };
		53B7F04123F7221800700431 /* Info.plist */ = {isa = PBXFileReference; lastKnownFileType = text.plist.xml; path = Info.plist; sourceTree = "<group>"; };
		53B7F04623F7221800700431 /* PocketBudgetTests.xctest */ = {isa = PBXFileReference; explicitFileType = wrapper.cfbundle; includeInIndex = 0; path = PocketBudgetTests.xctest; sourceTree = BUILT_PRODUCTS_DIR; };
		53B7F04C23F7221800700431 /* Info.plist */ = {isa = PBXFileReference; lastKnownFileType = text.plist.xml; path = Info.plist; sourceTree = "<group>"; };
		53B7F05623F722CB00700431 /* ExpensesEditorView.swift */ = {isa = PBXFileReference; lastKnownFileType = sourcecode.swift; path = ExpensesEditorView.swift; sourceTree = "<group>"; };
		53B7F05823F7235500700431 /* ExpensesEditorPresenter.swift */ = {isa = PBXFileReference; lastKnownFileType = sourcecode.swift; path = ExpensesEditorPresenter.swift; sourceTree = "<group>"; };
		53B7F05B23F727DD00700431 /* RxRelay.framework */ = {isa = PBXFileReference; lastKnownFileType = wrapper.framework; name = RxRelay.framework; path = Carthage/Build/iOS/RxRelay.framework; sourceTree = "<group>"; };
		53B7F05C23F727DD00700431 /* RxCocoa.framework */ = {isa = PBXFileReference; lastKnownFileType = wrapper.framework; name = RxCocoa.framework; path = Carthage/Build/iOS/RxCocoa.framework; sourceTree = "<group>"; };
		53B7F05D23F727DD00700431 /* RxSwift.framework */ = {isa = PBXFileReference; lastKnownFileType = wrapper.framework; name = RxSwift.framework; path = Carthage/Build/iOS/RxSwift.framework; sourceTree = "<group>"; };
		53E2EF5523F99B0F00138545 /* UITableView+extensions.swift */ = {isa = PBXFileReference; lastKnownFileType = sourcecode.swift; path = "UITableView+extensions.swift"; sourceTree = "<group>"; };
		53E2EF5D23F9A4A500138545 /* AccountsQuery.swift */ = {isa = PBXFileReference; lastKnownFileType = sourcecode.swift; path = AccountsQuery.swift; sourceTree = "<group>"; };
		53E2EF6323F9A73100138545 /* ExpensesQuery.swift */ = {isa = PBXFileReference; lastKnownFileType = sourcecode.swift; path = ExpensesQuery.swift; sourceTree = "<group>"; };
		53E2EF6523F9A99300138545 /* Identifiable.swift */ = {isa = PBXFileReference; lastKnownFileType = sourcecode.swift; path = Identifiable.swift; sourceTree = "<group>"; };
		53E2EF6723F9AE8100138545 /* AccountsEditorInteractor.swift */ = {isa = PBXFileReference; lastKnownFileType = sourcecode.swift; path = AccountsEditorInteractor.swift; sourceTree = "<group>"; };
		53E2EF6A23F9C83B00138545 /* Label.swift */ = {isa = PBXFileReference; lastKnownFileType = sourcecode.swift; path = Label.swift; sourceTree = "<group>"; };
		53E2EF6C23F9CA2400138545 /* UIFontTextStyle+extensions.swift */ = {isa = PBXFileReference; lastKnownFileType = sourcecode.swift; path = "UIFontTextStyle+extensions.swift"; sourceTree = "<group>"; };
		53E2EF7023F9CC6000138545 /* Main-Regular.ttf */ = {isa = PBXFileReference; lastKnownFileType = file; path = "Main-Regular.ttf"; sourceTree = "<group>"; };
		53E2EF7123F9CC6000138545 /* Lato-Black.ttf */ = {isa = PBXFileReference; lastKnownFileType = file; path = "Lato-Black.ttf"; sourceTree = "<group>"; };
		53E2EF7223F9CC6000138545 /* Main-Bold.ttf */ = {isa = PBXFileReference; lastKnownFileType = file; path = "Main-Bold.ttf"; sourceTree = "<group>"; };
		53E2EF7323F9CC6100138545 /* Lato-LightItalic.ttf */ = {isa = PBXFileReference; lastKnownFileType = file; path = "Lato-LightItalic.ttf"; sourceTree = "<group>"; };
		53E2EF7423F9CC6100138545 /* Lato-HairlineItalic.ttf */ = {isa = PBXFileReference; lastKnownFileType = file; path = "Lato-HairlineItalic.ttf"; sourceTree = "<group>"; };
		53E2EF7523F9CC6100138545 /* Lato-Italic.ttf */ = {isa = PBXFileReference; lastKnownFileType = file; path = "Lato-Italic.ttf"; sourceTree = "<group>"; };
		53E2EF7623F9CC6100138545 /* Lato-Hairline.ttf */ = {isa = PBXFileReference; lastKnownFileType = file; path = "Lato-Hairline.ttf"; sourceTree = "<group>"; };
		53E2EF7723F9CC6100138545 /* Lato-BoldItalic.ttf */ = {isa = PBXFileReference; lastKnownFileType = file; path = "Lato-BoldItalic.ttf"; sourceTree = "<group>"; };
		53E2EF7823F9CC6100138545 /* Main-Light.ttf */ = {isa = PBXFileReference; lastKnownFileType = file; path = "Main-Light.ttf"; sourceTree = "<group>"; };
		53E2EF7923F9CC6100138545 /* Lato-BlackItalic.ttf */ = {isa = PBXFileReference; lastKnownFileType = file; path = "Lato-BlackItalic.ttf"; sourceTree = "<group>"; };
		53E2EF8923F9D4CC00138545 /* AppFont.swift */ = {isa = PBXFileReference; lastKnownFileType = sourcecode.swift; path = AppFont.swift; sourceTree = "<group>"; };
		53E2EF8B23F9D7EA00138545 /* Button.swift */ = {isa = PBXFileReference; lastKnownFileType = sourcecode.swift; path = Button.swift; sourceTree = "<group>"; };
		53E2EF8E23F9DE2400138545 /* ColorSelector.swift */ = {isa = PBXFileReference; lastKnownFileType = sourcecode.swift; path = ColorSelector.swift; sourceTree = "<group>"; };
		53E2EF9623F9F60C00138545 /* ColorSelectorCell.swift */ = {isa = PBXFileReference; lastKnownFileType = sourcecode.swift; path = ColorSelectorCell.swift; sourceTree = "<group>"; };
		53E2EF9C23FA0DF700138545 /* Color.swift */ = {isa = PBXFileReference; lastKnownFileType = sourcecode.swift; path = Color.swift; sourceTree = "<group>"; };
		53E2EF9E23FA0E5B00138545 /* UIColor+extensions.swift */ = {isa = PBXFileReference; lastKnownFileType = sourcecode.swift; path = "UIColor+extensions.swift"; sourceTree = "<group>"; };
		53F2BC5923FB0D7E005D0433 /* TextField.swift */ = {isa = PBXFileReference; lastKnownFileType = sourcecode.swift; path = TextField.swift; sourceTree = "<group>"; };
		53F2BC5B23FB0D91005D0433 /* MaterialTextField.framework */ = {isa = PBXFileReference; lastKnownFileType = wrapper.framework; name = MaterialTextField.framework; path = Carthage/Build/iOS/MaterialTextField.framework; sourceTree = "<group>"; };
		53F2BC5F23FBF173005D0433 /* ExpenseType.swift */ = {isa = PBXFileReference; lastKnownFileType = sourcecode.swift; path = ExpenseType.swift; sourceTree = "<group>"; };
		53F2BC6123FBFCA2005D0433 /* AccountsEditorModuleInput.swift */ = {isa = PBXFileReference; lastKnownFileType = sourcecode.swift; path = AccountsEditorModuleInput.swift; sourceTree = "<group>"; };
		53F2BC6323FBFCC9005D0433 /* AccountSettingsModuleInput.swift */ = {isa = PBXFileReference; lastKnownFileType = sourcecode.swift; path = AccountSettingsModuleInput.swift; sourceTree = "<group>"; };
		53F2BC6523FBFCFE005D0433 /* ExpensesEditorModuleInput.swift */ = {isa = PBXFileReference; lastKnownFileType = sourcecode.swift; path = ExpensesEditorModuleInput.swift; sourceTree = "<group>"; };
		53F2BC6723FBFD47005D0433 /* NewExpenseEditorModuleInput.swift */ = {isa = PBXFileReference; lastKnownFileType = sourcecode.swift; path = NewExpenseEditorModuleInput.swift; sourceTree = "<group>"; };
		53F2BC6923FC1B3F005D0433 /* AccountSettingsInteractor.swift */ = {isa = PBXFileReference; lastKnownFileType = sourcecode.swift; path = AccountSettingsInteractor.swift; sourceTree = "<group>"; };
		53F2BC6B23FC1BEA005D0433 /* Observable+extensions.swift */ = {isa = PBXFileReference; lastKnownFileType = sourcecode.swift; path = "Observable+extensions.swift"; sourceTree = "<group>"; };
		53F2BC6D23FC1C73005D0433 /* BusinessError.swift */ = {isa = PBXFileReference; lastKnownFileType = sourcecode.swift; path = BusinessError.swift; sourceTree = "<group>"; };
		53F2BC6F23FC30AB005D0433 /* ExpensesEditorModels.swift */ = {isa = PBXFileReference; lastKnownFileType = sourcecode.swift; path = ExpensesEditorModels.swift; sourceTree = "<group>"; };
/* End PBXFileReference section */

/* Begin PBXFrameworksBuildPhase section */
		53B7F02D23F7221400700431 /* Frameworks */ = {
			isa = PBXFrameworksBuildPhase;
			buildActionMask = 2147483647;
			files = (
				538422E523F96D41006CFB29 /* ExtendedFoundations.framework in Frameworks */,
				53B7F06123F727E400700431 /* RxCocoa.framework in Frameworks */,
				53F2BC5D23FB0D99005D0433 /* MaterialTextField.framework in Frameworks */,
				53B7F06423F727E600700431 /* RxRelay.framework in Frameworks */,
				53B7F06623F727E700700431 /* RxSwift.framework in Frameworks */,
			);
			runOnlyForDeploymentPostprocessing = 0;
		};
		53B7F04323F7221800700431 /* Frameworks */ = {
			isa = PBXFrameworksBuildPhase;
			buildActionMask = 2147483647;
			files = (
				5389CEE223F7648A00990E88 /* RxCocoa.framework in Frameworks */,
				5389CEE323F7648A00990E88 /* RxRelay.framework in Frameworks */,
				5389CEE423F7648A00990E88 /* RxSwift.framework in Frameworks */,
			);
			runOnlyForDeploymentPostprocessing = 0;
		};
/* End PBXFrameworksBuildPhase section */

/* Begin PBXGroup section */
		538422A323F8AD3C006CFB29 /* External */ = {
			isa = PBXGroup;
			children = (
				538422A423F8AD58006CFB29 /* KeyboardLayoutConstraint.swift */,
			);
			path = External;
			sourceTree = "<group>";
		};
		538422D123F8BBC3006CFB29 /* Products */ = {
			isa = PBXGroup;
			children = (
				538422D623F8BBC3006CFB29 /* ExtendedFoundations.framework */,
				538422D823F8BBC3006CFB29 /* ExtendedFoundationsTests.xctest */,
			);
			name = Products;
			sourceTree = "<group>";
		};
		5389CEAF23F7383400990E88 /* Modules */ = {
			isa = PBXGroup;
			children = (
				5389CEB123F7385300990E88 /* ApplicationModule.swift */,
				539CC5B123F9920900A908D3 /* AccountsEditor */,
				539CC5A523F97A7900A908D3 /* AccountSettings */,
				53B7F05523F7222A00700431 /* ExpensesEditor */,
				5389CEE523F76AB200990E88 /* NewExpenseEditor */,
			);
			path = Modules;
			sourceTree = "<group>";
		};
		5389CEB023F7384000990E88 /* Wireframe */ = {
			isa = PBXGroup;
			children = (
				5389CEAB23F72BA100990E88 /* ApplicationWireframe.swift */,
			);
			path = Wireframe;
			sourceTree = "<group>";
		};
		5389CEB323F738A100990E88 /* Extensions */ = {
			isa = PBXGroup;
			children = (
				53F2BC6B23FC1BEA005D0433 /* Observable+extensions.swift */,
				53E2EF9E23FA0E5B00138545 /* UIColor+extensions.swift */,
				53E2EF6C23F9CA2400138545 /* UIFontTextStyle+extensions.swift */,
				53E2EF5523F99B0F00138545 /* UITableView+extensions.swift */,
				5389CEA923F72AE200990E88 /* UIViewController+extensions.swift */,
			);
			path = Extensions;
			sourceTree = "<group>";
		};
		5389CEB423F738B500990E88 /* Storyboards */ = {
			isa = PBXGroup;
			children = (
				53B7F03E23F7221800700431 /* LaunchScreen.storyboard */,
				53B7F03923F7221400700431 /* Application.storyboard */,
			);
			path = Storyboards;
			sourceTree = "<group>";
		};
		5389CEB523F7418B00990E88 /* Entities */ = {
			isa = PBXGroup;
			children = (
				5389CEB623F741A000990E88 /* Account.swift */,
				53E2EF9C23FA0DF700138545 /* Color.swift */,
				5389CEB823F741F400990E88 /* Expense.swift */,
				53F2BC5F23FBF173005D0433 /* ExpenseType.swift */,
			);
			path = Entities;
			sourceTree = "<group>";
		};
		5389CEBC23F7428100990E88 /* Data */ = {
			isa = PBXGroup;
			children = (
				5389CEB523F7418B00990E88 /* Entities */,
				53E2EF5923F9A43900138545 /* Storage */,
			);
			path = Data;
			sourceTree = "<group>";
		};
		5389CEC723F7442400990E88 /* UserDefaults */ = {
			isa = PBXGroup;
			children = (
				5389CEC123F7430800990E88 /* UserDefaultsDataStorage.swift */,
				5389CEC823F7443A00990E88 /* UserDefaultsStorageKey.swift */,
				5389CECA23F7446700990E88 /* UserDefaults+extension.swift */,
			);
			path = UserDefaults;
			sourceTree = "<group>";
		};
		5389CECC23F745C800990E88 /* Errors */ = {
			isa = PBXGroup;
			children = (
				53F2BC6D23FC1C73005D0433 /* BusinessError.swift */,
				5389CECD23F745D700990E88 /* GenericError.swift */,
			);
			path = Errors;
			sourceTree = "<group>";
		};
		5389CED123F74A4C00990E88 /* Protocols */ = {
			isa = PBXGroup;
			children = (
				53E2EF6523F9A99300138545 /* Identifiable.swift */,
				5389CEF223F7EEF000990E88 /* UIEmptiable.swift */,
			);
			path = Protocols;
			sourceTree = "<group>";
		};
		5389CED423F74AEC00990E88 /* Mock */ = {
			isa = PBXGroup;
			children = (
				5389CED523F74B0000990E88 /* MockDataStorage.swift */,
			);
			path = Mock;
			sourceTree = "<group>";
		};
		5389CEDB23F760BA00990E88 /* Data */ = {
			isa = PBXGroup;
			children = (
				5389CEDC23F760C200990E88 /* UserDefaults */,
			);
			path = Data;
			sourceTree = "<group>";
		};
		5389CEDC23F760C200990E88 /* UserDefaults */ = {
			isa = PBXGroup;
			children = (
				5389CEDD23F760E500990E88 /* UserDefaultsDataStorage+Tests.swift */,
			);
			path = UserDefaults;
			sourceTree = "<group>";
		};
		5389CEDF23F761B100990E88 /* _TestUtilities */ = {
			isa = PBXGroup;
			children = (
				5389CEE023F761C500990E88 /* UserDefaults+extensions.swift */,
			);
			path = _TestUtilities;
			sourceTree = "<group>";
		};
		5389CEE523F76AB200990E88 /* NewExpenseEditor */ = {
			isa = PBXGroup;
			children = (
				5389CEE623F76AD200990E88 /* ApplicationModule+NewExpenseEditor.swift */,
				538422A823F8B332006CFB29 /* NewExpenseEditorModels.swift */,
				53F2BC6723FBFD47005D0433 /* NewExpenseEditorModuleInput.swift */,
				5389CEEA23F76AF700990E88 /* NewExpenseEditorPresenter.swift */,
				5389CEE823F76AEA00990E88 /* NewExpenseEditorView.swift */,
			);
			path = NewExpenseEditor;
			sourceTree = "<group>";
		};
		5389CEEC23F7E9E700990E88 /* Views */ = {
			isa = PBXGroup;
			children = (
				53E2EF9223F9E0F800138545 /* Button */,
				53E2EF8D23F9DE0D00138545 /* ColorSelector */,
				5389CEEF23F7EA1000990E88 /* EmptyView */,
				53E2EF6923F9C82600138545 /* Label */,
				5389CEF823F82F8400990E88 /* ModalViewController */,
				53F2BC5823FB0D69005D0433 /* TextField */,
			);
			path = Views;
			sourceTree = "<group>";
		};
		5389CEEF23F7EA1000990E88 /* EmptyView */ = {
			isa = PBXGroup;
			children = (
				5389CEED23F7EA0B00990E88 /* EmptyView.xib */,
				5389CEF023F7EA5100990E88 /* EmptyView.swift */,
			);
			path = EmptyView;
			sourceTree = "<group>";
		};
		5389CEF823F82F8400990E88 /* ModalViewController */ = {
			isa = PBXGroup;
			children = (
				5389CEF923F82FA400990E88 /* ModalViewController.swift */,
			);
			path = ModalViewController;
			sourceTree = "<group>";
		};
		539CC5A523F97A7900A908D3 /* AccountSettings */ = {
			isa = PBXGroup;
			children = (
				53F2BC6923FC1B3F005D0433 /* AccountSettingsInteractor.swift */,
				539CC5AE23F97AE400A908D3 /* AccountSettingsModels.swift */,
				53F2BC6323FBFCC9005D0433 /* AccountSettingsModuleInput.swift */,
				539CC5AA23F97AB900A908D3 /* AccountSettingsPresenter.swift */,
				539CC5A823F97AAC00A908D3 /* AccountSettingsView.swift */,
				539CC5AC23F97AD700A908D3 /* ApplicationModule+AccountSettings.swift */,
			);
			path = AccountSettings;
			sourceTree = "<group>";
		};
		539CC5B123F9920900A908D3 /* AccountsEditor */ = {
			isa = PBXGroup;
			children = (
				53E2EF6723F9AE8100138545 /* AccountsEditorInteractor.swift */,
				539CC5BA23F992E900A908D3 /* AccountsEditorModels.swift */,
				53F2BC6123FBFCA2005D0433 /* AccountsEditorModuleInput.swift */,
				539CC5B823F9925300A908D3 /* AccountsEditorPresenter.swift */,
				539CC5B623F9924800A908D3 /* AccountsEditorView.swift */,
				539CC5B423F9922400A908D3 /* ApplicationModule+AccountsEditor.swift */,
			);
			path = AccountsEditor;
			sourceTree = "<group>";
		};
		53B7F02723F7221400700431 = {
			isa = PBXGroup;
			children = (
				53B7F03223F7221400700431 /* PocketBudget */,
				53B7F04923F7221800700431 /* PocketBudgetTests */,
				53B7F05A23F724A700700431 /* Frameworks */,
				53B7F03123F7221400700431 /* Products */,
			);
			sourceTree = "<group>";
		};
		53B7F03123F7221400700431 /* Products */ = {
			isa = PBXGroup;
			children = (
				53B7F03023F7221400700431 /* PocketBudget.app */,
				53B7F04623F7221800700431 /* PocketBudgetTests.xctest */,
			);
			name = Products;
			sourceTree = "<group>";
		};
		53B7F03223F7221400700431 /* PocketBudget */ = {
			isa = PBXGroup;
			children = (
				53B7F04123F7221800700431 /* Info.plist */,
				538422EE23F972F7006CFB29 /* Localizable.strings */,
				53B7F03323F7221400700431 /* AppDelegate.swift */,
				53B7F03523F7221400700431 /* SceneDelegate.swift */,
				538422D023F8BBC3006CFB29 /* ExtendedFoundations.xcodeproj */,
				5389CEBC23F7428100990E88 /* Data */,
				5389CECC23F745C800990E88 /* Errors */,
				5389CEB323F738A100990E88 /* Extensions */,
				538422A323F8AD3C006CFB29 /* External */,
				53E2EF8823F9D4BB00138545 /* Fonts */,
				5389CEAF23F7383400990E88 /* Modules */,
				5389CED123F74A4C00990E88 /* Protocols */,
				53E2EF6E23F9CC2800138545 /* Resources */,
				5389CEB423F738B500990E88 /* Storyboards */,
				5389CEEC23F7E9E700990E88 /* Views */,
				5389CEB023F7384000990E88 /* Wireframe */,
			);
			path = PocketBudget;
			sourceTree = "<group>";
		};
		53B7F04923F7221800700431 /* PocketBudgetTests */ = {
			isa = PBXGroup;
			children = (
				53B7F04C23F7221800700431 /* Info.plist */,
				5389CEDF23F761B100990E88 /* _TestUtilities */,
				5389CEDB23F760BA00990E88 /* Data */,
			);
			path = PocketBudgetTests;
			sourceTree = "<group>";
		};
		53B7F05523F7222A00700431 /* ExpensesEditor */ = {
			isa = PBXGroup;
			children = (
				5389CEAD23F7356E00990E88 /* ApplicationModule+ExpensesEditor.swift */,
				5389CEBA23F7425600990E88 /* ExpensesEditorInteractor.swift */,
				53F2BC6F23FC30AB005D0433 /* ExpensesEditorModels.swift */,
				53F2BC6523FBFCFE005D0433 /* ExpensesEditorModuleInput.swift */,
				53B7F05823F7235500700431 /* ExpensesEditorPresenter.swift */,
				53B7F05623F722CB00700431 /* ExpensesEditorView.swift */,
			);
			path = ExpensesEditor;
			sourceTree = "<group>";
		};
		53B7F05A23F724A700700431 /* Frameworks */ = {
			isa = PBXGroup;
			children = (
				53F2BC5B23FB0D91005D0433 /* MaterialTextField.framework */,
				53B7F05C23F727DD00700431 /* RxCocoa.framework */,
				53B7F05B23F727DD00700431 /* RxRelay.framework */,
				53B7F05D23F727DD00700431 /* RxSwift.framework */,
			);
			name = Frameworks;
			sourceTree = "<group>";
		};
		53E2EF5923F9A43900138545 /* Storage */ = {
			isa = PBXGroup;
			children = (
				5389CEBF23F742BE00990E88 /* ApplicationStorage.swift */,
				53E2EF5B23F9A46D00138545 /* DataStorage */,
				53E2EF5C23F9A48200138545 /* Queries */,
			);
			path = Storage;
			sourceTree = "<group>";
		};
		53E2EF5B23F9A46D00138545 /* DataStorage */ = {
			isa = PBXGroup;
			children = (
				5389CEBD23F7429400990E88 /* DataStorage.swift */,
				5389CED423F74AEC00990E88 /* Mock */,
				5389CEC723F7442400990E88 /* UserDefaults */,
			);
			path = DataStorage;
			sourceTree = "<group>";
		};
		53E2EF5C23F9A48200138545 /* Queries */ = {
			isa = PBXGroup;
			children = (
				53E2EF5F23F9A4CD00138545 /* Entities */,
			);
			path = Queries;
			sourceTree = "<group>";
		};
		53E2EF5F23F9A4CD00138545 /* Entities */ = {
			isa = PBXGroup;
			children = (
				53E2EF5D23F9A4A500138545 /* AccountsQuery.swift */,
				53E2EF6323F9A73100138545 /* ExpensesQuery.swift */,
			);
			path = Entities;
			sourceTree = "<group>";
		};
		53E2EF6923F9C82600138545 /* Label */ = {
			isa = PBXGroup;
			children = (
				53E2EF6A23F9C83B00138545 /* Label.swift */,
			);
			path = Label;
			sourceTree = "<group>";
		};
		53E2EF6E23F9CC2800138545 /* Resources */ = {
			isa = PBXGroup;
			children = (
				53E2EF6F23F9CC3B00138545 /* Fonts */,
				53B7F03C23F7221800700431 /* Assets.xcassets */,
			);
			path = Resources;
			sourceTree = "<group>";
		};
		53E2EF6F23F9CC3B00138545 /* Fonts */ = {
			isa = PBXGroup;
			children = (
				53E2EF7123F9CC6000138545 /* Lato-Black.ttf */,
				53E2EF7923F9CC6100138545 /* Lato-BlackItalic.ttf */,
				53E2EF7723F9CC6100138545 /* Lato-BoldItalic.ttf */,
				53E2EF7623F9CC6100138545 /* Lato-Hairline.ttf */,
				53E2EF7423F9CC6100138545 /* Lato-HairlineItalic.ttf */,
				53E2EF7523F9CC6100138545 /* Lato-Italic.ttf */,
				53E2EF7323F9CC6100138545 /* Lato-LightItalic.ttf */,
				53E2EF7223F9CC6000138545 /* Main-Bold.ttf */,
				53E2EF7823F9CC6100138545 /* Main-Light.ttf */,
				53E2EF7023F9CC6000138545 /* Main-Regular.ttf */,
			);
			path = Fonts;
			sourceTree = "<group>";
		};
		53E2EF8823F9D4BB00138545 /* Fonts */ = {
			isa = PBXGroup;
			children = (
				53E2EF8923F9D4CC00138545 /* AppFont.swift */,
			);
			path = Fonts;
			sourceTree = "<group>";
		};
		53E2EF8D23F9DE0D00138545 /* ColorSelector */ = {
			isa = PBXGroup;
			children = (
				53E2EF8E23F9DE2400138545 /* ColorSelector.swift */,
				53E2EF9623F9F60C00138545 /* ColorSelectorCell.swift */,
			);
			path = ColorSelector;
			sourceTree = "<group>";
		};
		53E2EF9223F9E0F800138545 /* Button */ = {
			isa = PBXGroup;
			children = (
				53E2EF8B23F9D7EA00138545 /* Button.swift */,
			);
			path = Button;
			sourceTree = "<group>";
		};
		53F2BC5823FB0D69005D0433 /* TextField */ = {
			isa = PBXGroup;
			children = (
				53F2BC5923FB0D7E005D0433 /* TextField.swift */,
			);
			path = TextField;
			sourceTree = "<group>";
		};
/* End PBXGroup section */

/* Begin PBXNativeTarget section */
		53B7F02F23F7221400700431 /* PocketBudget */ = {
			isa = PBXNativeTarget;
			buildConfigurationList = 53B7F04F23F7221800700431 /* Build configuration list for PBXNativeTarget "PocketBudget" */;
			buildPhases = (
				53B7F02C23F7221400700431 /* Sources */,
				53B7F02D23F7221400700431 /* Frameworks */,
				53B7F02E23F7221400700431 /* Resources */,
				53B7F06323F727E400700431 /* Embed Frameworks */,
			);
			buildRules = (
			);
			dependencies = (
			);
			name = PocketBudget;
			productName = PocketBudget;
			productReference = 53B7F03023F7221400700431 /* PocketBudget.app */;
			productType = "com.apple.product-type.application";
		};
		53B7F04523F7221800700431 /* PocketBudgetTests */ = {
			isa = PBXNativeTarget;
			buildConfigurationList = 53B7F05223F7221800700431 /* Build configuration list for PBXNativeTarget "PocketBudgetTests" */;
			buildPhases = (
				53B7F04223F7221800700431 /* Sources */,
				53B7F04323F7221800700431 /* Frameworks */,
				53B7F04423F7221800700431 /* Resources */,
			);
			buildRules = (
			);
			dependencies = (
				53B7F04823F7221800700431 /* PBXTargetDependency */,
			);
			name = PocketBudgetTests;
			productName = PocketBudgetTests;
			productReference = 53B7F04623F7221800700431 /* PocketBudgetTests.xctest */;
			productType = "com.apple.product-type.bundle.unit-test";
		};
/* End PBXNativeTarget section */

/* Begin PBXProject section */
		53B7F02823F7221400700431 /* Project object */ = {
			isa = PBXProject;
			attributes = {
				LastSwiftUpdateCheck = 1110;
				LastUpgradeCheck = 1110;
				ORGANIZATIONNAME = jtouzy;
				TargetAttributes = {
					53B7F02F23F7221400700431 = {
						CreatedOnToolsVersion = 11.1;
					};
					53B7F04523F7221800700431 = {
						CreatedOnToolsVersion = 11.1;
						LastSwiftMigration = 1110;
						TestTargetID = 53B7F02F23F7221400700431;
					};
				};
			};
			buildConfigurationList = 53B7F02B23F7221400700431 /* Build configuration list for PBXProject "PocketBudget" */;
			compatibilityVersion = "Xcode 9.3";
			developmentRegion = en;
			hasScannedForEncodings = 0;
			knownRegions = (
				en,
				Base,
			);
			mainGroup = 53B7F02723F7221400700431;
			productRefGroup = 53B7F03123F7221400700431 /* Products */;
			projectDirPath = "";
			projectReferences = (
				{
					ProductGroup = 538422D123F8BBC3006CFB29 /* Products */;
					ProjectRef = 538422D023F8BBC3006CFB29 /* ExtendedFoundations.xcodeproj */;
				},
			);
			projectRoot = "";
			targets = (
				53B7F02F23F7221400700431 /* PocketBudget */,
				53B7F04523F7221800700431 /* PocketBudgetTests */,
			);
		};
/* End PBXProject section */

/* Begin PBXReferenceProxy section */
		538422D623F8BBC3006CFB29 /* ExtendedFoundations.framework */ = {
			isa = PBXReferenceProxy;
			fileType = wrapper.framework;
			path = ExtendedFoundations.framework;
			remoteRef = 538422D523F8BBC3006CFB29 /* PBXContainerItemProxy */;
			sourceTree = BUILT_PRODUCTS_DIR;
		};
		538422D823F8BBC3006CFB29 /* ExtendedFoundationsTests.xctest */ = {
			isa = PBXReferenceProxy;
			fileType = wrapper.cfbundle;
			path = ExtendedFoundationsTests.xctest;
			remoteRef = 538422D723F8BBC3006CFB29 /* PBXContainerItemProxy */;
			sourceTree = BUILT_PRODUCTS_DIR;
		};
/* End PBXReferenceProxy section */

/* Begin PBXResourcesBuildPhase section */
		53B7F02E23F7221400700431 /* Resources */ = {
			isa = PBXResourcesBuildPhase;
			buildActionMask = 2147483647;
			files = (
				53E2EF7B23F9CC6100138545 /* Lato-Black.ttf in Resources */,
				538422EF23F972F7006CFB29 /* Localizable.strings in Resources */,
				53E2EF8323F9CC6100138545 /* Lato-BlackItalic.ttf in Resources */,
				53E2EF8023F9CC6100138545 /* Lato-Hairline.ttf in Resources */,
				53E2EF7E23F9CC6100138545 /* Lato-HairlineItalic.ttf in Resources */,
				5389CEEE23F7EA0B00990E88 /* EmptyView.xib in Resources */,
				53E2EF7F23F9CC6100138545 /* Lato-Italic.ttf in Resources */,
				53B7F04023F7221800700431 /* LaunchScreen.storyboard in Resources */,
				53E2EF7C23F9CC6100138545 /* Main-Bold.ttf in Resources */,
				53B7F03D23F7221800700431 /* Assets.xcassets in Resources */,
				53E2EF7A23F9CC6100138545 /* Main-Regular.ttf in Resources */,
				53E2EF8223F9CC6100138545 /* Main-Light.ttf in Resources */,
				53E2EF7D23F9CC6100138545 /* Lato-LightItalic.ttf in Resources */,
				53B7F03B23F7221400700431 /* Application.storyboard in Resources */,
				53E2EF8123F9CC6100138545 /* Lato-BoldItalic.ttf in Resources */,
			);
			runOnlyForDeploymentPostprocessing = 0;
		};
		53B7F04423F7221800700431 /* Resources */ = {
			isa = PBXResourcesBuildPhase;
			buildActionMask = 2147483647;
			files = (
			);
			runOnlyForDeploymentPostprocessing = 0;
		};
/* End PBXResourcesBuildPhase section */

/* Begin PBXSourcesBuildPhase section */
		53B7F02C23F7221400700431 /* Sources */ = {
			isa = PBXSourcesBuildPhase;
			buildActionMask = 2147483647;
			files = (
				53F2BC6423FBFCC9005D0433 /* AccountSettingsModuleInput.swift in Sources */,
				539CC5B523F9922400A908D3 /* ApplicationModule+AccountsEditor.swift in Sources */,
				53E2EF6423F9A73100138545 /* ExpensesQuery.swift in Sources */,
				53B7F03423F7221400700431 /* AppDelegate.swift in Sources */,
				53F2BC7023FC30AB005D0433 /* ExpensesEditorModels.swift in Sources */,
				53F2BC5A23FB0D7E005D0433 /* TextField.swift in Sources */,
				5389CEC923F7443A00990E88 /* UserDefaultsStorageKey.swift in Sources */,
				53B7F05923F7235500700431 /* ExpensesEditorPresenter.swift in Sources */,
				539CC5B923F9925300A908D3 /* AccountsEditorPresenter.swift in Sources */,
				5389CEAA23F72AE200990E88 /* UIViewController+extensions.swift in Sources */,
				539CC5AF23F97AE400A908D3 /* AccountSettingsModels.swift in Sources */,
				53E2EF5623F99B0F00138545 /* UITableView+extensions.swift in Sources */,
				53E2EF5E23F9A4A500138545 /* AccountsQuery.swift in Sources */,
				53E2EF8A23F9D4CC00138545 /* AppFont.swift in Sources */,
				53E2EF9F23FA0E5B00138545 /* UIColor+extensions.swift in Sources */,
				539CC5A923F97AAC00A908D3 /* AccountSettingsView.swift in Sources */,
				53E2EF6823F9AE8100138545 /* AccountsEditorInteractor.swift in Sources */,
				53E2EF8F23F9DE2400138545 /* ColorSelector.swift in Sources */,
				53E2EF6D23F9CA2400138545 /* UIFontTextStyle+extensions.swift in Sources */,
				5389CEC023F742BE00990E88 /* ApplicationStorage.swift in Sources */,
				5389CEBE23F7429400990E88 /* DataStorage.swift in Sources */,
				53E2EF9D23FA0DF700138545 /* Color.swift in Sources */,
				53F2BC6A23FC1B3F005D0433 /* AccountSettingsInteractor.swift in Sources */,
				5389CEAE23F7356E00990E88 /* ApplicationModule+ExpensesEditor.swift in Sources */,
				5389CEB923F741F400990E88 /* Expense.swift in Sources */,
				5389CEE923F76AEA00990E88 /* NewExpenseEditorView.swift in Sources */,
				5389CECE23F745D700990E88 /* GenericError.swift in Sources */,
				5389CEB223F7385300990E88 /* ApplicationModule.swift in Sources */,
				5389CEC223F7430800990E88 /* UserDefaultsDataStorage.swift in Sources */,
				53E2EF6623F9A99300138545 /* Identifiable.swift in Sources */,
				5389CECB23F7446700990E88 /* UserDefaults+extension.swift in Sources */,
				5389CED623F74B0000990E88 /* MockDataStorage.swift in Sources */,
				53F2BC6623FBFCFE005D0433 /* ExpensesEditorModuleInput.swift in Sources */,
				539CC5AB23F97ABA00A908D3 /* AccountSettingsPresenter.swift in Sources */,
				5389CEE723F76AD200990E88 /* ApplicationModule+NewExpenseEditor.swift in Sources */,
				53F2BC6223FBFCA2005D0433 /* AccountsEditorModuleInput.swift in Sources */,
				5389CEF323F7EEF000990E88 /* UIEmptiable.swift in Sources */,
				5389CEB723F741A000990E88 /* Account.swift in Sources */,
				53F2BC6023FBF173005D0433 /* ExpenseType.swift in Sources */,
				539CC5B723F9924800A908D3 /* AccountsEditorView.swift in Sources */,
				53E2EF6B23F9C83B00138545 /* Label.swift in Sources */,
				538422A923F8B332006CFB29 /* NewExpenseEditorModels.swift in Sources */,
				53E2EF9723F9F60C00138545 /* ColorSelectorCell.swift in Sources */,
				53B7F03623F7221400700431 /* SceneDelegate.swift in Sources */,
				5389CEEB23F76AF700990E88 /* NewExpenseEditorPresenter.swift in Sources */,
				53F2BC6823FBFD47005D0433 /* NewExpenseEditorModuleInput.swift in Sources */,
				5389CEBB23F7425600990E88 /* ExpensesEditorInteractor.swift in Sources */,
				5389CEF123F7EA5100990E88 /* EmptyView.swift in Sources */,
				539CC5BB23F992E900A908D3 /* AccountsEditorModels.swift in Sources */,
				53F2BC6C23FC1BEA005D0433 /* Observable+extensions.swift in Sources */,
				53B7F05723F722CB00700431 /* ExpensesEditorView.swift in Sources */,
				539CC5AD23F97AD700A908D3 /* ApplicationModule+AccountSettings.swift in Sources */,
				538422A523F8AD58006CFB29 /* KeyboardLayoutConstraint.swift in Sources */,
				53F2BC6E23FC1C73005D0433 /* BusinessError.swift in Sources */,
				5389CEFA23F82FA400990E88 /* ModalViewController.swift in Sources */,
				5389CEAC23F72BA100990E88 /* ApplicationWireframe.swift in Sources */,
				53E2EF8C23F9D7EA00138545 /* Button.swift in Sources */,
			);
			runOnlyForDeploymentPostprocessing = 0;
		};
		53B7F04223F7221800700431 /* Sources */ = {
			isa = PBXSourcesBuildPhase;
			buildActionMask = 2147483647;
			files = (
				5389CEE123F761C500990E88 /* UserDefaults+extensions.swift in Sources */,
				5389CEDE23F760E500990E88 /* UserDefaultsDataStorage+Tests.swift in Sources */,
			);
			runOnlyForDeploymentPostprocessing = 0;
		};
/* End PBXSourcesBuildPhase section */

/* Begin PBXTargetDependency section */
		53B7F04823F7221800700431 /* PBXTargetDependency */ = {
			isa = PBXTargetDependency;
			target = 53B7F02F23F7221400700431 /* PocketBudget */;
			targetProxy = 53B7F04723F7221800700431 /* PBXContainerItemProxy */;
		};
/* End PBXTargetDependency section */

/* Begin PBXVariantGroup section */
		53B7F03923F7221400700431 /* Application.storyboard */ = {
			isa = PBXVariantGroup;
			children = (
				53B7F03A23F7221400700431 /* Base */,
			);
			name = Application.storyboard;
			sourceTree = "<group>";
		};
		53B7F03E23F7221800700431 /* LaunchScreen.storyboard */ = {
			isa = PBXVariantGroup;
			children = (
				53B7F03F23F7221800700431 /* Base */,
			);
			name = LaunchScreen.storyboard;
			sourceTree = "<group>";
		};
/* End PBXVariantGroup section */

/* Begin XCBuildConfiguration section */
		53B7F04D23F7221800700431 /* Debug */ = {
			isa = XCBuildConfiguration;
			buildSettings = {
				ALWAYS_SEARCH_USER_PATHS = NO;
				CLANG_ANALYZER_NONNULL = YES;
				CLANG_ANALYZER_NUMBER_OBJECT_CONVERSION = YES_AGGRESSIVE;
				CLANG_CXX_LANGUAGE_STANDARD = "gnu++14";
				CLANG_CXX_LIBRARY = "libc++";
				CLANG_ENABLE_MODULES = YES;
				CLANG_ENABLE_OBJC_ARC = YES;
				CLANG_ENABLE_OBJC_WEAK = YES;
				CLANG_WARN_BLOCK_CAPTURE_AUTORELEASING = YES;
				CLANG_WARN_BOOL_CONVERSION = YES;
				CLANG_WARN_COMMA = YES;
				CLANG_WARN_CONSTANT_CONVERSION = YES;
				CLANG_WARN_DEPRECATED_OBJC_IMPLEMENTATIONS = YES;
				CLANG_WARN_DIRECT_OBJC_ISA_USAGE = YES_ERROR;
				CLANG_WARN_DOCUMENTATION_COMMENTS = YES;
				CLANG_WARN_EMPTY_BODY = YES;
				CLANG_WARN_ENUM_CONVERSION = YES;
				CLANG_WARN_INFINITE_RECURSION = YES;
				CLANG_WARN_INT_CONVERSION = YES;
				CLANG_WARN_NON_LITERAL_NULL_CONVERSION = YES;
				CLANG_WARN_OBJC_IMPLICIT_RETAIN_SELF = YES;
				CLANG_WARN_OBJC_LITERAL_CONVERSION = YES;
				CLANG_WARN_OBJC_ROOT_CLASS = YES_ERROR;
				CLANG_WARN_RANGE_LOOP_ANALYSIS = YES;
				CLANG_WARN_STRICT_PROTOTYPES = YES;
				CLANG_WARN_SUSPICIOUS_MOVE = YES;
				CLANG_WARN_UNGUARDED_AVAILABILITY = YES_AGGRESSIVE;
				CLANG_WARN_UNREACHABLE_CODE = YES;
				CLANG_WARN__DUPLICATE_METHOD_MATCH = YES;
				COPY_PHASE_STRIP = NO;
				DEBUG_INFORMATION_FORMAT = dwarf;
				ENABLE_STRICT_OBJC_MSGSEND = YES;
				ENABLE_TESTABILITY = YES;
				GCC_C_LANGUAGE_STANDARD = gnu11;
				GCC_DYNAMIC_NO_PIC = NO;
				GCC_NO_COMMON_BLOCKS = YES;
				GCC_OPTIMIZATION_LEVEL = 0;
				GCC_PREPROCESSOR_DEFINITIONS = (
					"DEBUG=1",
					"$(inherited)",
				);
				GCC_WARN_64_TO_32_BIT_CONVERSION = YES;
				GCC_WARN_ABOUT_RETURN_TYPE = YES_ERROR;
				GCC_WARN_UNDECLARED_SELECTOR = YES;
				GCC_WARN_UNINITIALIZED_AUTOS = YES_AGGRESSIVE;
				GCC_WARN_UNUSED_FUNCTION = YES;
				GCC_WARN_UNUSED_VARIABLE = YES;
				IPHONEOS_DEPLOYMENT_TARGET = 13.1;
				MTL_ENABLE_DEBUG_INFO = INCLUDE_SOURCE;
				MTL_FAST_MATH = YES;
				ONLY_ACTIVE_ARCH = YES;
				SDKROOT = iphoneos;
				SWIFT_ACTIVE_COMPILATION_CONDITIONS = DEBUG;
				SWIFT_OPTIMIZATION_LEVEL = "-Onone";
			};
			name = Debug;
		};
		53B7F04E23F7221800700431 /* Release */ = {
			isa = XCBuildConfiguration;
			buildSettings = {
				ALWAYS_SEARCH_USER_PATHS = NO;
				CLANG_ANALYZER_NONNULL = YES;
				CLANG_ANALYZER_NUMBER_OBJECT_CONVERSION = YES_AGGRESSIVE;
				CLANG_CXX_LANGUAGE_STANDARD = "gnu++14";
				CLANG_CXX_LIBRARY = "libc++";
				CLANG_ENABLE_MODULES = YES;
				CLANG_ENABLE_OBJC_ARC = YES;
				CLANG_ENABLE_OBJC_WEAK = YES;
				CLANG_WARN_BLOCK_CAPTURE_AUTORELEASING = YES;
				CLANG_WARN_BOOL_CONVERSION = YES;
				CLANG_WARN_COMMA = YES;
				CLANG_WARN_CONSTANT_CONVERSION = YES;
				CLANG_WARN_DEPRECATED_OBJC_IMPLEMENTATIONS = YES;
				CLANG_WARN_DIRECT_OBJC_ISA_USAGE = YES_ERROR;
				CLANG_WARN_DOCUMENTATION_COMMENTS = YES;
				CLANG_WARN_EMPTY_BODY = YES;
				CLANG_WARN_ENUM_CONVERSION = YES;
				CLANG_WARN_INFINITE_RECURSION = YES;
				CLANG_WARN_INT_CONVERSION = YES;
				CLANG_WARN_NON_LITERAL_NULL_CONVERSION = YES;
				CLANG_WARN_OBJC_IMPLICIT_RETAIN_SELF = YES;
				CLANG_WARN_OBJC_LITERAL_CONVERSION = YES;
				CLANG_WARN_OBJC_ROOT_CLASS = YES_ERROR;
				CLANG_WARN_RANGE_LOOP_ANALYSIS = YES;
				CLANG_WARN_STRICT_PROTOTYPES = YES;
				CLANG_WARN_SUSPICIOUS_MOVE = YES;
				CLANG_WARN_UNGUARDED_AVAILABILITY = YES_AGGRESSIVE;
				CLANG_WARN_UNREACHABLE_CODE = YES;
				CLANG_WARN__DUPLICATE_METHOD_MATCH = YES;
				COPY_PHASE_STRIP = NO;
				DEBUG_INFORMATION_FORMAT = "dwarf-with-dsym";
				ENABLE_NS_ASSERTIONS = NO;
				ENABLE_STRICT_OBJC_MSGSEND = YES;
				GCC_C_LANGUAGE_STANDARD = gnu11;
				GCC_NO_COMMON_BLOCKS = YES;
				GCC_WARN_64_TO_32_BIT_CONVERSION = YES;
				GCC_WARN_ABOUT_RETURN_TYPE = YES_ERROR;
				GCC_WARN_UNDECLARED_SELECTOR = YES;
				GCC_WARN_UNINITIALIZED_AUTOS = YES_AGGRESSIVE;
				GCC_WARN_UNUSED_FUNCTION = YES;
				GCC_WARN_UNUSED_VARIABLE = YES;
				IPHONEOS_DEPLOYMENT_TARGET = 13.1;
				MTL_ENABLE_DEBUG_INFO = NO;
				MTL_FAST_MATH = YES;
				SDKROOT = iphoneos;
				SWIFT_COMPILATION_MODE = wholemodule;
				SWIFT_OPTIMIZATION_LEVEL = "-O";
				VALIDATE_PRODUCT = YES;
			};
			name = Release;
		};
		53B7F05023F7221800700431 /* Debug */ = {
			isa = XCBuildConfiguration;
			buildSettings = {
				ASSETCATALOG_COMPILER_APPICON_NAME = AppIcon;
				CODE_SIGN_STYLE = Automatic;
				DEVELOPMENT_TEAM = 23A3PS5QB5;
				FRAMEWORK_SEARCH_PATHS = (
					"$(inherited)",
					"$(PROJECT_DIR)/Carthage/Build/iOS",
				);
				INFOPLIST_FILE = PocketBudget/Info.plist;
				LD_RUNPATH_SEARCH_PATHS = (
					"$(inherited)",
					"@executable_path/Frameworks",
				);
				PRODUCT_BUNDLE_IDENTIFIER = com.jtouzy.PocketBudget;
				PRODUCT_NAME = "$(TARGET_NAME)";
				SWIFT_VERSION = 5.0;
				TARGETED_DEVICE_FAMILY = "1,2";
			};
			name = Debug;
		};
		53B7F05123F7221800700431 /* Release */ = {
			isa = XCBuildConfiguration;
			buildSettings = {
				ASSETCATALOG_COMPILER_APPICON_NAME = AppIcon;
				CODE_SIGN_STYLE = Automatic;
				DEVELOPMENT_TEAM = 23A3PS5QB5;
				FRAMEWORK_SEARCH_PATHS = (
					"$(inherited)",
					"$(PROJECT_DIR)/Carthage/Build/iOS",
				);
				INFOPLIST_FILE = PocketBudget/Info.plist;
				LD_RUNPATH_SEARCH_PATHS = (
					"$(inherited)",
					"@executable_path/Frameworks",
				);
				PRODUCT_BUNDLE_IDENTIFIER = com.jtouzy.PocketBudget;
				PRODUCT_NAME = "$(TARGET_NAME)";
				SWIFT_VERSION = 5.0;
				TARGETED_DEVICE_FAMILY = "1,2";
			};
			name = Release;
		};
		53B7F05323F7221800700431 /* Debug */ = {
			isa = XCBuildConfiguration;
			buildSettings = {
				ALWAYS_EMBED_SWIFT_STANDARD_LIBRARIES = YES;
				BUNDLE_LOADER = "$(TEST_HOST)";
				CLANG_ENABLE_MODULES = YES;
				CODE_SIGN_STYLE = Automatic;
				DEVELOPMENT_TEAM = 23A3PS5QB5;
				FRAMEWORK_SEARCH_PATHS = (
					"$(inherited)",
					"$(PROJECT_DIR)/Carthage/Build/iOS",
				);
				INFOPLIST_FILE = PocketBudgetTests/Info.plist;
				IPHONEOS_DEPLOYMENT_TARGET = 13.1;
				LD_RUNPATH_SEARCH_PATHS = (
					"$(inherited)",
					"@executable_path/Frameworks",
					"@loader_path/Frameworks",
				);
				PRODUCT_BUNDLE_IDENTIFIER = com.jtouzy.PocketBudgetTests;
				PRODUCT_NAME = "$(TARGET_NAME)";
				SWIFT_OPTIMIZATION_LEVEL = "-Onone";
				SWIFT_VERSION = 5.0;
				TARGETED_DEVICE_FAMILY = "1,2";
				TEST_HOST = "$(BUILT_PRODUCTS_DIR)/PocketBudget.app/PocketBudget";
			};
			name = Debug;
		};
		53B7F05423F7221800700431 /* Release */ = {
			isa = XCBuildConfiguration;
			buildSettings = {
				ALWAYS_EMBED_SWIFT_STANDARD_LIBRARIES = YES;
				BUNDLE_LOADER = "$(TEST_HOST)";
				CLANG_ENABLE_MODULES = YES;
				CODE_SIGN_STYLE = Automatic;
				DEVELOPMENT_TEAM = 23A3PS5QB5;
				FRAMEWORK_SEARCH_PATHS = (
					"$(inherited)",
					"$(PROJECT_DIR)/Carthage/Build/iOS",
				);
				INFOPLIST_FILE = PocketBudgetTests/Info.plist;
				IPHONEOS_DEPLOYMENT_TARGET = 13.1;
				LD_RUNPATH_SEARCH_PATHS = (
					"$(inherited)",
					"@executable_path/Frameworks",
					"@loader_path/Frameworks",
				);
				PRODUCT_BUNDLE_IDENTIFIER = com.jtouzy.PocketBudgetTests;
				PRODUCT_NAME = "$(TARGET_NAME)";
				SWIFT_VERSION = 5.0;
				TARGETED_DEVICE_FAMILY = "1,2";
				TEST_HOST = "$(BUILT_PRODUCTS_DIR)/PocketBudget.app/PocketBudget";
			};
			name = Release;
		};
/* End XCBuildConfiguration section */

/* Begin XCConfigurationList section */
		53B7F02B23F7221400700431 /* Build configuration list for PBXProject "PocketBudget" */ = {
			isa = XCConfigurationList;
			buildConfigurations = (
				53B7F04D23F7221800700431 /* Debug */,
				53B7F04E23F7221800700431 /* Release */,
			);
			defaultConfigurationIsVisible = 0;
			defaultConfigurationName = Release;
		};
		53B7F04F23F7221800700431 /* Build configuration list for PBXNativeTarget "PocketBudget" */ = {
			isa = XCConfigurationList;
			buildConfigurations = (
				53B7F05023F7221800700431 /* Debug */,
				53B7F05123F7221800700431 /* Release */,
			);
			defaultConfigurationIsVisible = 0;
			defaultConfigurationName = Release;
		};
		53B7F05223F7221800700431 /* Build configuration list for PBXNativeTarget "PocketBudgetTests" */ = {
			isa = XCConfigurationList;
			buildConfigurations = (
				53B7F05323F7221800700431 /* Debug */,
				53B7F05423F7221800700431 /* Release */,
			);
			defaultConfigurationIsVisible = 0;
			defaultConfigurationName = Release;
		};
/* End XCConfigurationList section */
	};
	rootObject = 53B7F02823F7221400700431 /* Project object */;
}
