// !$*UTF8*$!
{
	archiveVersion = 1;
	classes = {
	};
	objectVersion = 50;
	objects = {

/* Begin PBXBuildFile section */
		5389CEAA23F72AE200990E88 /* UIViewController+extension.swift in Sources */ = {isa = PBXBuildFile; fileRef = 5389CEA923F72AE200990E88 /* UIViewController+extension.swift */; };
		5389CEAC23F72BA100990E88 /* ApplicationWireframe.swift in Sources */ = {isa = PBXBuildFile; fileRef = 5389CEAB23F72BA100990E88 /* ApplicationWireframe.swift */; };
		5389CEAE23F7356E00990E88 /* ApplicationModule+RequiredExpensesEditor.swift in Sources */ = {isa = PBXBuildFile; fileRef = 5389CEAD23F7356E00990E88 /* ApplicationModule+RequiredExpensesEditor.swift */; };
		5389CEB223F7385300990E88 /* ApplicationModule.swift in Sources */ = {isa = PBXBuildFile; fileRef = 5389CEB123F7385300990E88 /* ApplicationModule.swift */; };
		53B7F03423F7221400700431 /* AppDelegate.swift in Sources */ = {isa = PBXBuildFile; fileRef = 53B7F03323F7221400700431 /* AppDelegate.swift */; };
		53B7F03623F7221400700431 /* SceneDelegate.swift in Sources */ = {isa = PBXBuildFile; fileRef = 53B7F03523F7221400700431 /* SceneDelegate.swift */; };
		53B7F03B23F7221400700431 /* Application.storyboard in Resources */ = {isa = PBXBuildFile; fileRef = 53B7F03923F7221400700431 /* Application.storyboard */; };
		53B7F03D23F7221800700431 /* Assets.xcassets in Resources */ = {isa = PBXBuildFile; fileRef = 53B7F03C23F7221800700431 /* Assets.xcassets */; };
		53B7F04023F7221800700431 /* LaunchScreen.storyboard in Resources */ = {isa = PBXBuildFile; fileRef = 53B7F03E23F7221800700431 /* LaunchScreen.storyboard */; };
		53B7F04B23F7221800700431 /* PocketBudgetTests.swift in Sources */ = {isa = PBXBuildFile; fileRef = 53B7F04A23F7221800700431 /* PocketBudgetTests.swift */; };
		53B7F05723F722CB00700431 /* RequiredExpensesEditorView.swift in Sources */ = {isa = PBXBuildFile; fileRef = 53B7F05623F722CB00700431 /* RequiredExpensesEditorView.swift */; };
		53B7F05923F7235500700431 /* RequiredExpensesEditorPresenter.swift in Sources */ = {isa = PBXBuildFile; fileRef = 53B7F05823F7235500700431 /* RequiredExpensesEditorPresenter.swift */; };
		53B7F06123F727E400700431 /* RxCocoa.framework in Frameworks */ = {isa = PBXBuildFile; fileRef = 53B7F05C23F727DD00700431 /* RxCocoa.framework */; };
		53B7F06223F727E400700431 /* RxCocoa.framework in Embed Frameworks */ = {isa = PBXBuildFile; fileRef = 53B7F05C23F727DD00700431 /* RxCocoa.framework */; settings = {ATTRIBUTES = (CodeSignOnCopy, RemoveHeadersOnCopy, ); }; };
		53B7F06423F727E600700431 /* RxRelay.framework in Frameworks */ = {isa = PBXBuildFile; fileRef = 53B7F05B23F727DD00700431 /* RxRelay.framework */; };
		53B7F06523F727E600700431 /* RxRelay.framework in Embed Frameworks */ = {isa = PBXBuildFile; fileRef = 53B7F05B23F727DD00700431 /* RxRelay.framework */; settings = {ATTRIBUTES = (CodeSignOnCopy, RemoveHeadersOnCopy, ); }; };
		53B7F06623F727E700700431 /* RxSwift.framework in Frameworks */ = {isa = PBXBuildFile; fileRef = 53B7F05D23F727DD00700431 /* RxSwift.framework */; };
		53B7F06723F727E700700431 /* RxSwift.framework in Embed Frameworks */ = {isa = PBXBuildFile; fileRef = 53B7F05D23F727DD00700431 /* RxSwift.framework */; settings = {ATTRIBUTES = (CodeSignOnCopy, RemoveHeadersOnCopy, ); }; };
/* End PBXBuildFile section */

/* Begin PBXContainerItemProxy section */
		53B7F04723F7221800700431 /* PBXContainerItemProxy */ = {
			isa = PBXContainerItemProxy;
			containerPortal = 53B7F02823F7221400700431 /* Project object */;
			proxyType = 1;
			remoteGlobalIDString = 53B7F02F23F7221400700431;
			remoteInfo = PocketBudget;
		};
/* End PBXContainerItemProxy section */

/* Begin PBXCopyFilesBuildPhase section */
		53B7F06323F727E400700431 /* Embed Frameworks */ = {
			isa = PBXCopyFilesBuildPhase;
			buildActionMask = 2147483647;
			dstPath = "";
			dstSubfolderSpec = 10;
			files = (
				53B7F06523F727E600700431 /* RxRelay.framework in Embed Frameworks */,
				53B7F06223F727E400700431 /* RxCocoa.framework in Embed Frameworks */,
				53B7F06723F727E700700431 /* RxSwift.framework in Embed Frameworks */,
			);
			name = "Embed Frameworks";
			runOnlyForDeploymentPostprocessing = 0;
		};
/* End PBXCopyFilesBuildPhase section */

/* Begin PBXFileReference section */
		5389CEA923F72AE200990E88 /* UIViewController+extension.swift */ = {isa = PBXFileReference; lastKnownFileType = sourcecode.swift; path = "UIViewController+extension.swift"; sourceTree = "<group>"; };
		5389CEAB23F72BA100990E88 /* ApplicationWireframe.swift */ = {isa = PBXFileReference; lastKnownFileType = sourcecode.swift; path = ApplicationWireframe.swift; sourceTree = "<group>"; };
		5389CEAD23F7356E00990E88 /* ApplicationModule+RequiredExpensesEditor.swift */ = {isa = PBXFileReference; lastKnownFileType = sourcecode.swift; path = "ApplicationModule+RequiredExpensesEditor.swift"; sourceTree = "<group>"; };
		5389CEB123F7385300990E88 /* ApplicationModule.swift */ = {isa = PBXFileReference; lastKnownFileType = sourcecode.swift; path = ApplicationModule.swift; sourceTree = "<group>"; };
		53B7F03023F7221400700431 /* PocketBudget.app */ = {isa = PBXFileReference; explicitFileType = wrapper.application; includeInIndex = 0; path = PocketBudget.app; sourceTree = BUILT_PRODUCTS_DIR; };
		53B7F03323F7221400700431 /* AppDelegate.swift */ = {isa = PBXFileReference; lastKnownFileType = sourcecode.swift; path = AppDelegate.swift; sourceTree = "<group>"; };
		53B7F03523F7221400700431 /* SceneDelegate.swift */ = {isa = PBXFileReference; lastKnownFileType = sourcecode.swift; path = SceneDelegate.swift; sourceTree = "<group>"; };
		53B7F03A23F7221400700431 /* Base */ = {isa = PBXFileReference; lastKnownFileType = file.storyboard; name = Base; path = Base.lproj/Application.storyboard; sourceTree = "<group>"; };
		53B7F03C23F7221800700431 /* Assets.xcassets */ = {isa = PBXFileReference; lastKnownFileType = folder.assetcatalog; path = Assets.xcassets; sourceTree = "<group>"; };
		53B7F03F23F7221800700431 /* Base */ = {isa = PBXFileReference; lastKnownFileType = file.storyboard; name = Base; path = Base.lproj/LaunchScreen.storyboard; sourceTree = "<group>"; };
		53B7F04123F7221800700431 /* Info.plist */ = {isa = PBXFileReference; lastKnownFileType = text.plist.xml; path = Info.plist; sourceTree = "<group>"; };
		53B7F04623F7221800700431 /* PocketBudgetTests.xctest */ = {isa = PBXFileReference; explicitFileType = wrapper.cfbundle; includeInIndex = 0; path = PocketBudgetTests.xctest; sourceTree = BUILT_PRODUCTS_DIR; };
		53B7F04A23F7221800700431 /* PocketBudgetTests.swift */ = {isa = PBXFileReference; lastKnownFileType = sourcecode.swift; path = PocketBudgetTests.swift; sourceTree = "<group>"; };
		53B7F04C23F7221800700431 /* Info.plist */ = {isa = PBXFileReference; lastKnownFileType = text.plist.xml; path = Info.plist; sourceTree = "<group>"; };
		53B7F05623F722CB00700431 /* RequiredExpensesEditorView.swift */ = {isa = PBXFileReference; lastKnownFileType = sourcecode.swift; path = RequiredExpensesEditorView.swift; sourceTree = "<group>"; };
		53B7F05823F7235500700431 /* RequiredExpensesEditorPresenter.swift */ = {isa = PBXFileReference; lastKnownFileType = sourcecode.swift; path = RequiredExpensesEditorPresenter.swift; sourceTree = "<group>"; };
		53B7F05B23F727DD00700431 /* RxRelay.framework */ = {isa = PBXFileReference; lastKnownFileType = wrapper.framework; name = RxRelay.framework; path = Carthage/Build/iOS/RxRelay.framework; sourceTree = "<group>"; };
		53B7F05C23F727DD00700431 /* RxCocoa.framework */ = {isa = PBXFileReference; lastKnownFileType = wrapper.framework; name = RxCocoa.framework; path = Carthage/Build/iOS/RxCocoa.framework; sourceTree = "<group>"; };
		53B7F05D23F727DD00700431 /* RxSwift.framework */ = {isa = PBXFileReference; lastKnownFileType = wrapper.framework; name = RxSwift.framework; path = Carthage/Build/iOS/RxSwift.framework; sourceTree = "<group>"; };
/* End PBXFileReference section */

/* Begin PBXFrameworksBuildPhase section */
		53B7F02D23F7221400700431 /* Frameworks */ = {
			isa = PBXFrameworksBuildPhase;
			buildActionMask = 2147483647;
			files = (
				53B7F06123F727E400700431 /* RxCocoa.framework in Frameworks */,
				53B7F06423F727E600700431 /* RxRelay.framework in Frameworks */,
				53B7F06623F727E700700431 /* RxSwift.framework in Frameworks */,
			);
			runOnlyForDeploymentPostprocessing = 0;
		};
		53B7F04323F7221800700431 /* Frameworks */ = {
			isa = PBXFrameworksBuildPhase;
			buildActionMask = 2147483647;
			files = (
			);
			runOnlyForDeploymentPostprocessing = 0;
		};
/* End PBXFrameworksBuildPhase section */

/* Begin PBXGroup section */
		5389CEAF23F7383400990E88 /* Modules */ = {
			isa = PBXGroup;
			children = (
				53B7F05523F7222A00700431 /* RequiredExpensesEditor */,
				5389CEB123F7385300990E88 /* ApplicationModule.swift */,
			);
			path = Modules;
			sourceTree = "<group>";
		};
		5389CEB023F7384000990E88 /* Wireframe */ = {
			isa = PBXGroup;
			children = (
				5389CEAB23F72BA100990E88 /* ApplicationWireframe.swift */,
			);
			path = Wireframe;
			sourceTree = "<group>";
		};
		5389CEB323F738A100990E88 /* Extensions */ = {
			isa = PBXGroup;
			children = (
				5389CEA923F72AE200990E88 /* UIViewController+extension.swift */,
			);
			path = Extensions;
			sourceTree = "<group>";
		};
		5389CEB423F738B500990E88 /* Storyboards */ = {
			isa = PBXGroup;
			children = (
				53B7F03E23F7221800700431 /* LaunchScreen.storyboard */,
				53B7F03923F7221400700431 /* Application.storyboard */,
			);
			path = Storyboards;
			sourceTree = "<group>";
		};
		53B7F02723F7221400700431 = {
			isa = PBXGroup;
			children = (
				53B7F03223F7221400700431 /* PocketBudget */,
				53B7F04923F7221800700431 /* PocketBudgetTests */,
				53B7F05A23F724A700700431 /* Frameworks */,
				53B7F03123F7221400700431 /* Products */,
			);
			sourceTree = "<group>";
		};
		53B7F03123F7221400700431 /* Products */ = {
			isa = PBXGroup;
			children = (
				53B7F03023F7221400700431 /* PocketBudget.app */,
				53B7F04623F7221800700431 /* PocketBudgetTests.xctest */,
			);
			name = Products;
			sourceTree = "<group>";
		};
		53B7F03223F7221400700431 /* PocketBudget */ = {
			isa = PBXGroup;
			children = (
				53B7F04123F7221800700431 /* Info.plist */,
				53B7F03323F7221400700431 /* AppDelegate.swift */,
				53B7F03523F7221400700431 /* SceneDelegate.swift */,
				53B7F03C23F7221800700431 /* Assets.xcassets */,
				5389CEB323F738A100990E88 /* Extensions */,
				5389CEAF23F7383400990E88 /* Modules */,
				5389CEB423F738B500990E88 /* Storyboards */,
				5389CEB023F7384000990E88 /* Wireframe */,
			);
			path = PocketBudget;
			sourceTree = "<group>";
		};
		53B7F04923F7221800700431 /* PocketBudgetTests */ = {
			isa = PBXGroup;
			children = (
				53B7F04A23F7221800700431 /* PocketBudgetTests.swift */,
				53B7F04C23F7221800700431 /* Info.plist */,
			);
			path = PocketBudgetTests;
			sourceTree = "<group>";
		};
		53B7F05523F7222A00700431 /* RequiredExpensesEditor */ = {
			isa = PBXGroup;
			children = (
				53B7F05623F722CB00700431 /* RequiredExpensesEditorView.swift */,
				53B7F05823F7235500700431 /* RequiredExpensesEditorPresenter.swift */,
				5389CEAD23F7356E00990E88 /* ApplicationModule+RequiredExpensesEditor.swift */,
			);
			path = RequiredExpensesEditor;
			sourceTree = "<group>";
		};
		53B7F05A23F724A700700431 /* Frameworks */ = {
			isa = PBXGroup;
			children = (
				53B7F05C23F727DD00700431 /* RxCocoa.framework */,
				53B7F05B23F727DD00700431 /* RxRelay.framework */,
				53B7F05D23F727DD00700431 /* RxSwift.framework */,
			);
			name = Frameworks;
			sourceTree = "<group>";
		};
/* End PBXGroup section */

/* Begin PBXNativeTarget section */
		53B7F02F23F7221400700431 /* PocketBudget */ = {
			isa = PBXNativeTarget;
			buildConfigurationList = 53B7F04F23F7221800700431 /* Build configuration list for PBXNativeTarget "PocketBudget" */;
			buildPhases = (
				53B7F02C23F7221400700431 /* Sources */,
				53B7F02D23F7221400700431 /* Frameworks */,
				53B7F02E23F7221400700431 /* Resources */,
				53B7F06323F727E400700431 /* Embed Frameworks */,
			);
			buildRules = (
			);
			dependencies = (
			);
			name = PocketBudget;
			productName = PocketBudget;
			productReference = 53B7F03023F7221400700431 /* PocketBudget.app */;
			productType = "com.apple.product-type.application";
		};
		53B7F04523F7221800700431 /* PocketBudgetTests */ = {
			isa = PBXNativeTarget;
			buildConfigurationList = 53B7F05223F7221800700431 /* Build configuration list for PBXNativeTarget "PocketBudgetTests" */;
			buildPhases = (
				53B7F04223F7221800700431 /* Sources */,
				53B7F04323F7221800700431 /* Frameworks */,
				53B7F04423F7221800700431 /* Resources */,
			);
			buildRules = (
			);
			dependencies = (
				53B7F04823F7221800700431 /* PBXTargetDependency */,
			);
			name = PocketBudgetTests;
			productName = PocketBudgetTests;
			productReference = 53B7F04623F7221800700431 /* PocketBudgetTests.xctest */;
			productType = "com.apple.product-type.bundle.unit-test";
		};
/* End PBXNativeTarget section */

/* Begin PBXProject section */
		53B7F02823F7221400700431 /* Project object */ = {
			isa = PBXProject;
			attributes = {
				LastSwiftUpdateCheck = 1110;
				LastUpgradeCheck = 1110;
				ORGANIZATIONNAME = jtouzy;
				TargetAttributes = {
					53B7F02F23F7221400700431 = {
						CreatedOnToolsVersion = 11.1;
					};
					53B7F04523F7221800700431 = {
						CreatedOnToolsVersion = 11.1;
						TestTargetID = 53B7F02F23F7221400700431;
					};
				};
			};
			buildConfigurationList = 53B7F02B23F7221400700431 /* Build configuration list for PBXProject "PocketBudget" */;
			compatibilityVersion = "Xcode 9.3";
			developmentRegion = en;
			hasScannedForEncodings = 0;
			knownRegions = (
				en,
				Base,
			);
			mainGroup = 53B7F02723F7221400700431;
			productRefGroup = 53B7F03123F7221400700431 /* Products */;
			projectDirPath = "";
			projectRoot = "";
			targets = (
				53B7F02F23F7221400700431 /* PocketBudget */,
				53B7F04523F7221800700431 /* PocketBudgetTests */,
			);
		};
/* End PBXProject section */

/* Begin PBXResourcesBuildPhase section */
		53B7F02E23F7221400700431 /* Resources */ = {
			isa = PBXResourcesBuildPhase;
			buildActionMask = 2147483647;
			files = (
				53B7F04023F7221800700431 /* LaunchScreen.storyboard in Resources */,
				53B7F03D23F7221800700431 /* Assets.xcassets in Resources */,
				53B7F03B23F7221400700431 /* Application.storyboard in Resources */,
			);
			runOnlyForDeploymentPostprocessing = 0;
		};
		53B7F04423F7221800700431 /* Resources */ = {
			isa = PBXResourcesBuildPhase;
			buildActionMask = 2147483647;
			files = (
			);
			runOnlyForDeploymentPostprocessing = 0;
		};
/* End PBXResourcesBuildPhase section */

/* Begin PBXSourcesBuildPhase section */
		53B7F02C23F7221400700431 /* Sources */ = {
			isa = PBXSourcesBuildPhase;
			buildActionMask = 2147483647;
			files = (
				53B7F03423F7221400700431 /* AppDelegate.swift in Sources */,
				53B7F05923F7235500700431 /* RequiredExpensesEditorPresenter.swift in Sources */,
				5389CEAA23F72AE200990E88 /* UIViewController+extension.swift in Sources */,
				5389CEAE23F7356E00990E88 /* ApplicationModule+RequiredExpensesEditor.swift in Sources */,
				5389CEB223F7385300990E88 /* ApplicationModule.swift in Sources */,
				53B7F03623F7221400700431 /* SceneDelegate.swift in Sources */,
				53B7F05723F722CB00700431 /* RequiredExpensesEditorView.swift in Sources */,
				5389CEAC23F72BA100990E88 /* ApplicationWireframe.swift in Sources */,
			);
			runOnlyForDeploymentPostprocessing = 0;
		};
		53B7F04223F7221800700431 /* Sources */ = {
			isa = PBXSourcesBuildPhase;
			buildActionMask = 2147483647;
			files = (
				53B7F04B23F7221800700431 /* PocketBudgetTests.swift in Sources */,
			);
			runOnlyForDeploymentPostprocessing = 0;
		};
/* End PBXSourcesBuildPhase section */

/* Begin PBXTargetDependency section */
		53B7F04823F7221800700431 /* PBXTargetDependency */ = {
			isa = PBXTargetDependency;
			target = 53B7F02F23F7221400700431 /* PocketBudget */;
			targetProxy = 53B7F04723F7221800700431 /* PBXContainerItemProxy */;
		};
/* End PBXTargetDependency section */

/* Begin PBXVariantGroup section */
		53B7F03923F7221400700431 /* Application.storyboard */ = {
			isa = PBXVariantGroup;
			children = (
				53B7F03A23F7221400700431 /* Base */,
			);
			name = Application.storyboard;
			sourceTree = "<group>";
		};
		53B7F03E23F7221800700431 /* LaunchScreen.storyboard */ = {
			isa = PBXVariantGroup;
			children = (
				53B7F03F23F7221800700431 /* Base */,
			);
			name = LaunchScreen.storyboard;
			sourceTree = "<group>";
		};
/* End PBXVariantGroup section */

/* Begin XCBuildConfiguration section */
		53B7F04D23F7221800700431 /* Debug */ = {
			isa = XCBuildConfiguration;
			buildSettings = {
				ALWAYS_SEARCH_USER_PATHS = NO;
				CLANG_ANALYZER_NONNULL = YES;
				CLANG_ANALYZER_NUMBER_OBJECT_CONVERSION = YES_AGGRESSIVE;
				CLANG_CXX_LANGUAGE_STANDARD = "gnu++14";
				CLANG_CXX_LIBRARY = "libc++";
				CLANG_ENABLE_MODULES = YES;
				CLANG_ENABLE_OBJC_ARC = YES;
				CLANG_ENABLE_OBJC_WEAK = YES;
				CLANG_WARN_BLOCK_CAPTURE_AUTORELEASING = YES;
				CLANG_WARN_BOOL_CONVERSION = YES;
				CLANG_WARN_COMMA = YES;
				CLANG_WARN_CONSTANT_CONVERSION = YES;
				CLANG_WARN_DEPRECATED_OBJC_IMPLEMENTATIONS = YES;
				CLANG_WARN_DIRECT_OBJC_ISA_USAGE = YES_ERROR;
				CLANG_WARN_DOCUMENTATION_COMMENTS = YES;
				CLANG_WARN_EMPTY_BODY = YES;
				CLANG_WARN_ENUM_CONVERSION = YES;
				CLANG_WARN_INFINITE_RECURSION = YES;
				CLANG_WARN_INT_CONVERSION = YES;
				CLANG_WARN_NON_LITERAL_NULL_CONVERSION = YES;
				CLANG_WARN_OBJC_IMPLICIT_RETAIN_SELF = YES;
				CLANG_WARN_OBJC_LITERAL_CONVERSION = YES;
				CLANG_WARN_OBJC_ROOT_CLASS = YES_ERROR;
				CLANG_WARN_RANGE_LOOP_ANALYSIS = YES;
				CLANG_WARN_STRICT_PROTOTYPES = YES;
				CLANG_WARN_SUSPICIOUS_MOVE = YES;
				CLANG_WARN_UNGUARDED_AVAILABILITY = YES_AGGRESSIVE;
				CLANG_WARN_UNREACHABLE_CODE = YES;
				CLANG_WARN__DUPLICATE_METHOD_MATCH = YES;
				COPY_PHASE_STRIP = NO;
				DEBUG_INFORMATION_FORMAT = dwarf;
				ENABLE_STRICT_OBJC_MSGSEND = YES;
				ENABLE_TESTABILITY = YES;
				GCC_C_LANGUAGE_STANDARD = gnu11;
				GCC_DYNAMIC_NO_PIC = NO;
				GCC_NO_COMMON_BLOCKS = YES;
				GCC_OPTIMIZATION_LEVEL = 0;
				GCC_PREPROCESSOR_DEFINITIONS = (
					"DEBUG=1",
					"$(inherited)",
				);
				GCC_WARN_64_TO_32_BIT_CONVERSION = YES;
				GCC_WARN_ABOUT_RETURN_TYPE = YES_ERROR;
				GCC_WARN_UNDECLARED_SELECTOR = YES;
				GCC_WARN_UNINITIALIZED_AUTOS = YES_AGGRESSIVE;
				GCC_WARN_UNUSED_FUNCTION = YES;
				GCC_WARN_UNUSED_VARIABLE = YES;
				IPHONEOS_DEPLOYMENT_TARGET = 13.1;
				MTL_ENABLE_DEBUG_INFO = INCLUDE_SOURCE;
				MTL_FAST_MATH = YES;
				ONLY_ACTIVE_ARCH = YES;
				SDKROOT = iphoneos;
				SWIFT_ACTIVE_COMPILATION_CONDITIONS = DEBUG;
				SWIFT_OPTIMIZATION_LEVEL = "-Onone";
			};
			name = Debug;
		};
		53B7F04E23F7221800700431 /* Release */ = {
			isa = XCBuildConfiguration;
			buildSettings = {
				ALWAYS_SEARCH_USER_PATHS = NO;
				CLANG_ANALYZER_NONNULL = YES;
				CLANG_ANALYZER_NUMBER_OBJECT_CONVERSION = YES_AGGRESSIVE;
				CLANG_CXX_LANGUAGE_STANDARD = "gnu++14";
				CLANG_CXX_LIBRARY = "libc++";
				CLANG_ENABLE_MODULES = YES;
				CLANG_ENABLE_OBJC_ARC = YES;
				CLANG_ENABLE_OBJC_WEAK = YES;
				CLANG_WARN_BLOCK_CAPTURE_AUTORELEASING = YES;
				CLANG_WARN_BOOL_CONVERSION = YES;
				CLANG_WARN_COMMA = YES;
				CLANG_WARN_CONSTANT_CONVERSION = YES;
				CLANG_WARN_DEPRECATED_OBJC_IMPLEMENTATIONS = YES;
				CLANG_WARN_DIRECT_OBJC_ISA_USAGE = YES_ERROR;
				CLANG_WARN_DOCUMENTATION_COMMENTS = YES;
				CLANG_WARN_EMPTY_BODY = YES;
				CLANG_WARN_ENUM_CONVERSION = YES;
				CLANG_WARN_INFINITE_RECURSION = YES;
				CLANG_WARN_INT_CONVERSION = YES;
				CLANG_WARN_NON_LITERAL_NULL_CONVERSION = YES;
				CLANG_WARN_OBJC_IMPLICIT_RETAIN_SELF = YES;
				CLANG_WARN_OBJC_LITERAL_CONVERSION = YES;
				CLANG_WARN_OBJC_ROOT_CLASS = YES_ERROR;
				CLANG_WARN_RANGE_LOOP_ANALYSIS = YES;
				CLANG_WARN_STRICT_PROTOTYPES = YES;
				CLANG_WARN_SUSPICIOUS_MOVE = YES;
				CLANG_WARN_UNGUARDED_AVAILABILITY = YES_AGGRESSIVE;
				CLANG_WARN_UNREACHABLE_CODE = YES;
				CLANG_WARN__DUPLICATE_METHOD_MATCH = YES;
				COPY_PHASE_STRIP = NO;
				DEBUG_INFORMATION_FORMAT = "dwarf-with-dsym";
				ENABLE_NS_ASSERTIONS = NO;
				ENABLE_STRICT_OBJC_MSGSEND = YES;
				GCC_C_LANGUAGE_STANDARD = gnu11;
				GCC_NO_COMMON_BLOCKS = YES;
				GCC_WARN_64_TO_32_BIT_CONVERSION = YES;
				GCC_WARN_ABOUT_RETURN_TYPE = YES_ERROR;
				GCC_WARN_UNDECLARED_SELECTOR = YES;
				GCC_WARN_UNINITIALIZED_AUTOS = YES_AGGRESSIVE;
				GCC_WARN_UNUSED_FUNCTION = YES;
				GCC_WARN_UNUSED_VARIABLE = YES;
				IPHONEOS_DEPLOYMENT_TARGET = 13.1;
				MTL_ENABLE_DEBUG_INFO = NO;
				MTL_FAST_MATH = YES;
				SDKROOT = iphoneos;
				SWIFT_COMPILATION_MODE = wholemodule;
				SWIFT_OPTIMIZATION_LEVEL = "-O";
				VALIDATE_PRODUCT = YES;
			};
			name = Release;
		};
		53B7F05023F7221800700431 /* Debug */ = {
			isa = XCBuildConfiguration;
			buildSettings = {
				ASSETCATALOG_COMPILER_APPICON_NAME = AppIcon;
				CODE_SIGN_STYLE = Automatic;
				DEVELOPMENT_TEAM = 23A3PS5QB5;
				FRAMEWORK_SEARCH_PATHS = (
					"$(inherited)",
					"$(PROJECT_DIR)/Carthage/Build/iOS",
				);
				INFOPLIST_FILE = PocketBudget/Info.plist;
				LD_RUNPATH_SEARCH_PATHS = (
					"$(inherited)",
					"@executable_path/Frameworks",
				);
				PRODUCT_BUNDLE_IDENTIFIER = com.jtouzy.PocketBudget;
				PRODUCT_NAME = "$(TARGET_NAME)";
				SWIFT_VERSION = 5.0;
				TARGETED_DEVICE_FAMILY = "1,2";
			};
			name = Debug;
		};
		53B7F05123F7221800700431 /* Release */ = {
			isa = XCBuildConfiguration;
			buildSettings = {
				ASSETCATALOG_COMPILER_APPICON_NAME = AppIcon;
				CODE_SIGN_STYLE = Automatic;
				DEVELOPMENT_TEAM = 23A3PS5QB5;
				FRAMEWORK_SEARCH_PATHS = (
					"$(inherited)",
					"$(PROJECT_DIR)/Carthage/Build/iOS",
				);
				INFOPLIST_FILE = PocketBudget/Info.plist;
				LD_RUNPATH_SEARCH_PATHS = (
					"$(inherited)",
					"@executable_path/Frameworks",
				);
				PRODUCT_BUNDLE_IDENTIFIER = com.jtouzy.PocketBudget;
				PRODUCT_NAME = "$(TARGET_NAME)";
				SWIFT_VERSION = 5.0;
				TARGETED_DEVICE_FAMILY = "1,2";
			};
			name = Release;
		};
		53B7F05323F7221800700431 /* Debug */ = {
			isa = XCBuildConfiguration;
			buildSettings = {
				ALWAYS_EMBED_SWIFT_STANDARD_LIBRARIES = YES;
				BUNDLE_LOADER = "$(TEST_HOST)";
				CODE_SIGN_STYLE = Automatic;
				DEVELOPMENT_TEAM = 23A3PS5QB5;
				INFOPLIST_FILE = PocketBudgetTests/Info.plist;
				IPHONEOS_DEPLOYMENT_TARGET = 13.1;
				LD_RUNPATH_SEARCH_PATHS = (
					"$(inherited)",
					"@executable_path/Frameworks",
					"@loader_path/Frameworks",
				);
				PRODUCT_BUNDLE_IDENTIFIER = com.jtouzy.PocketBudgetTests;
				PRODUCT_NAME = "$(TARGET_NAME)";
				SWIFT_VERSION = 5.0;
				TARGETED_DEVICE_FAMILY = "1,2";
				TEST_HOST = "$(BUILT_PRODUCTS_DIR)/PocketBudget.app/PocketBudget";
			};
			name = Debug;
		};
		53B7F05423F7221800700431 /* Release */ = {
			isa = XCBuildConfiguration;
			buildSettings = {
				ALWAYS_EMBED_SWIFT_STANDARD_LIBRARIES = YES;
				BUNDLE_LOADER = "$(TEST_HOST)";
				CODE_SIGN_STYLE = Automatic;
				DEVELOPMENT_TEAM = 23A3PS5QB5;
				INFOPLIST_FILE = PocketBudgetTests/Info.plist;
				IPHONEOS_DEPLOYMENT_TARGET = 13.1;
				LD_RUNPATH_SEARCH_PATHS = (
					"$(inherited)",
					"@executable_path/Frameworks",
					"@loader_path/Frameworks",
				);
				PRODUCT_BUNDLE_IDENTIFIER = com.jtouzy.PocketBudgetTests;
				PRODUCT_NAME = "$(TARGET_NAME)";
				SWIFT_VERSION = 5.0;
				TARGETED_DEVICE_FAMILY = "1,2";
				TEST_HOST = "$(BUILT_PRODUCTS_DIR)/PocketBudget.app/PocketBudget";
			};
			name = Release;
		};
/* End XCBuildConfiguration section */

/* Begin XCConfigurationList section */
		53B7F02B23F7221400700431 /* Build configuration list for PBXProject "PocketBudget" */ = {
			isa = XCConfigurationList;
			buildConfigurations = (
				53B7F04D23F7221800700431 /* Debug */,
				53B7F04E23F7221800700431 /* Release */,
			);
			defaultConfigurationIsVisible = 0;
			defaultConfigurationName = Release;
		};
		53B7F04F23F7221800700431 /* Build configuration list for PBXNativeTarget "PocketBudget" */ = {
			isa = XCConfigurationList;
			buildConfigurations = (
				53B7F05023F7221800700431 /* Debug */,
				53B7F05123F7221800700431 /* Release */,
			);
			defaultConfigurationIsVisible = 0;
			defaultConfigurationName = Release;
		};
		53B7F05223F7221800700431 /* Build configuration list for PBXNativeTarget "PocketBudgetTests" */ = {
			isa = XCConfigurationList;
			buildConfigurations = (
				53B7F05323F7221800700431 /* Debug */,
				53B7F05423F7221800700431 /* Release */,
			);
			defaultConfigurationIsVisible = 0;
			defaultConfigurationName = Release;
		};
/* End XCConfigurationList section */
	};
	rootObject = 53B7F02823F7221400700431 /* Project object */;
}
