// !$*UTF8*$!
{
	archiveVersion = 1;
	classes = {
	};
	objectVersion = 50;
	objects = {

/* Begin PBXBuildFile section */
		538422C023F8BBAE006CFB29 /* ExtendedFoundations.framework in Frameworks */ = {isa = PBXBuildFile; fileRef = 538422B623F8BBAE006CFB29 /* ExtendedFoundations.framework */; };
		538422C723F8BBAE006CFB29 /* ExtendedFoundations.h in Headers */ = {isa = PBXBuildFile; fileRef = 538422B923F8BBAE006CFB29 /* ExtendedFoundations.h */; settings = {ATTRIBUTES = (Public, ); }; };
		538422DD23F96C3F006CFB29 /* Optional+extensions.swift in Sources */ = {isa = PBXBuildFile; fileRef = 538422DC23F96C3F006CFB29 /* Optional+extensions.swift */; };
		538422DF23F96C7E006CFB29 /* UIView+extensions.swift in Sources */ = {isa = PBXBuildFile; fileRef = 538422DE23F96C7E006CFB29 /* UIView+extensions.swift */; };
		538422E123F96CBA006CFB29 /* UIViewController+extensions.swift in Sources */ = {isa = PBXBuildFile; fileRef = 538422E023F96CBA006CFB29 /* UIViewController+extensions.swift */; };
		538422E423F96CE5006CFB29 /* UIIdentifiable.swift in Sources */ = {isa = PBXBuildFile; fileRef = 538422E323F96CE5006CFB29 /* UIIdentifiable.swift */; };
		538422EB23F970E4006CFB29 /* UILocalizableLabel.swift in Sources */ = {isa = PBXBuildFile; fileRef = 538422EA23F970E4006CFB29 /* UILocalizableLabel.swift */; };
		538422ED23F971A0006CFB29 /* String+extensions.swift in Sources */ = {isa = PBXBuildFile; fileRef = 538422EC23F971A0006CFB29 /* String+extensions.swift */; };
		538422F123F97350006CFB29 /* UILocalizableButton.swift in Sources */ = {isa = PBXBuildFile; fileRef = 538422F023F97350006CFB29 /* UILocalizableButton.swift */; };
		53E2EF9B23FA00E900138545 /* CGSize+extensions.swift in Sources */ = {isa = PBXBuildFile; fileRef = 53E2EF9A23FA00E900138545 /* CGSize+extensions.swift */; };
		53F2BC5223FAFE08005D0433 /* Mirror+extensions.swift in Sources */ = {isa = PBXBuildFile; fileRef = 53F2BC5123FAFE08005D0433 /* Mirror+extensions.swift */; };
		53F2BC5523FAFE69005D0433 /* Query.swift in Sources */ = {isa = PBXBuildFile; fileRef = 53F2BC5423FAFE69005D0433 /* Query.swift */; };
/* End PBXBuildFile section */

/* Begin PBXContainerItemProxy section */
		538422C123F8BBAE006CFB29 /* PBXContainerItemProxy */ = {
			isa = PBXContainerItemProxy;
			containerPortal = 538422AD23F8BBAE006CFB29 /* Project object */;
			proxyType = 1;
			remoteGlobalIDString = 538422B523F8BBAE006CFB29;
			remoteInfo = ExtendedFoundations;
		};
/* End PBXContainerItemProxy section */

/* Begin PBXFileReference section */
		538422B623F8BBAE006CFB29 /* ExtendedFoundations.framework */ = {isa = PBXFileReference; explicitFileType = wrapper.framework; includeInIndex = 0; path = ExtendedFoundations.framework; sourceTree = BUILT_PRODUCTS_DIR; };
		538422B923F8BBAE006CFB29 /* ExtendedFoundations.h */ = {isa = PBXFileReference; lastKnownFileType = sourcecode.c.h; path = ExtendedFoundations.h; sourceTree = "<group>"; };
		538422BA23F8BBAE006CFB29 /* Info.plist */ = {isa = PBXFileReference; lastKnownFileType = text.plist.xml; path = Info.plist; sourceTree = "<group>"; };
		538422BF23F8BBAE006CFB29 /* ExtendedFoundationsTests.xctest */ = {isa = PBXFileReference; explicitFileType = wrapper.cfbundle; includeInIndex = 0; path = ExtendedFoundationsTests.xctest; sourceTree = BUILT_PRODUCTS_DIR; };
		538422C623F8BBAE006CFB29 /* Info.plist */ = {isa = PBXFileReference; lastKnownFileType = text.plist.xml; path = Info.plist; sourceTree = "<group>"; };
		538422DC23F96C3F006CFB29 /* Optional+extensions.swift */ = {isa = PBXFileReference; fileEncoding = 4; lastKnownFileType = sourcecode.swift; path = "Optional+extensions.swift"; sourceTree = "<group>"; };
		538422DE23F96C7E006CFB29 /* UIView+extensions.swift */ = {isa = PBXFileReference; fileEncoding = 4; lastKnownFileType = sourcecode.swift; path = "UIView+extensions.swift"; sourceTree = "<group>"; };
		538422E023F96CBA006CFB29 /* UIViewController+extensions.swift */ = {isa = PBXFileReference; fileEncoding = 4; lastKnownFileType = sourcecode.swift; path = "UIViewController+extensions.swift"; sourceTree = "<group>"; };
		538422E323F96CE5006CFB29 /* UIIdentifiable.swift */ = {isa = PBXFileReference; fileEncoding = 4; lastKnownFileType = sourcecode.swift; path = UIIdentifiable.swift; sourceTree = "<group>"; };
		538422EA23F970E4006CFB29 /* UILocalizableLabel.swift */ = {isa = PBXFileReference; lastKnownFileType = sourcecode.swift; path = UILocalizableLabel.swift; sourceTree = "<group>"; };
		538422EC23F971A0006CFB29 /* String+extensions.swift */ = {isa = PBXFileReference; lastKnownFileType = sourcecode.swift; path = "String+extensions.swift"; sourceTree = "<group>"; };
		538422F023F97350006CFB29 /* UILocalizableButton.swift */ = {isa = PBXFileReference; lastKnownFileType = sourcecode.swift; path = UILocalizableButton.swift; sourceTree = "<group>"; };
		53E2EF9A23FA00E900138545 /* CGSize+extensions.swift */ = {isa = PBXFileReference; lastKnownFileType = sourcecode.swift; path = "CGSize+extensions.swift"; sourceTree = "<group>"; };
		53F2BC5123FAFE08005D0433 /* Mirror+extensions.swift */ = {isa = PBXFileReference; lastKnownFileType = sourcecode.swift; path = "Mirror+extensions.swift"; sourceTree = "<group>"; };
		53F2BC5423FAFE69005D0433 /* Query.swift */ = {isa = PBXFileReference; lastKnownFileType = sourcecode.swift; path = Query.swift; sourceTree = "<group>"; };
/* End PBXFileReference section */

/* Begin PBXFrameworksBuildPhase section */
		538422B323F8BBAE006CFB29 /* Frameworks */ = {
			isa = PBXFrameworksBuildPhase;
			buildActionMask = 2147483647;
			files = (
			);
			runOnlyForDeploymentPostprocessing = 0;
		};
		538422BC23F8BBAE006CFB29 /* Frameworks */ = {
			isa = PBXFrameworksBuildPhase;
			buildActionMask = 2147483647;
			files = (
				538422C023F8BBAE006CFB29 /* ExtendedFoundations.framework in Frameworks */,
			);
			runOnlyForDeploymentPostprocessing = 0;
		};
/* End PBXFrameworksBuildPhase section */

/* Begin PBXGroup section */
		538422AC23F8BBAE006CFB29 = {
			isa = PBXGroup;
			children = (
				538422B823F8BBAE006CFB29 /* ExtendedFoundations */,
				538422C323F8BBAE006CFB29 /* ExtendedFoundationsTests */,
				538422B723F8BBAE006CFB29 /* Products */,
			);
			sourceTree = "<group>";
		};
		538422B723F8BBAE006CFB29 /* Products */ = {
			isa = PBXGroup;
			children = (
				538422B623F8BBAE006CFB29 /* ExtendedFoundations.framework */,
				538422BF23F8BBAE006CFB29 /* ExtendedFoundationsTests.xctest */,
			);
			name = Products;
			sourceTree = "<group>";
		};
		538422B823F8BBAE006CFB29 /* ExtendedFoundations */ = {
			isa = PBXGroup;
			children = (
				538422B923F8BBAE006CFB29 /* ExtendedFoundations.h */,
				538422BA23F8BBAE006CFB29 /* Info.plist */,
				538422E923F970C8006CFB29 /* Components */,
				538422D923F96C1A006CFB29 /* Extensions */,
				53F2BC5323FAFE59005D0433 /* Features */,
				538422E223F96CD7006CFB29 /* Protocols */,
			);
			path = ExtendedFoundations;
			sourceTree = "<group>";
		};
		538422C323F8BBAE006CFB29 /* ExtendedFoundationsTests */ = {
			isa = PBXGroup;
			children = (
				538422C623F8BBAE006CFB29 /* Info.plist */,
			);
			path = ExtendedFoundationsTests;
			sourceTree = "<group>";
		};
		538422D923F96C1A006CFB29 /* Extensions */ = {
			isa = PBXGroup;
			children = (
				53E2EF9A23FA00E900138545 /* CGSize+extensions.swift */,
				53F2BC5123FAFE08005D0433 /* Mirror+extensions.swift */,
				538422DC23F96C3F006CFB29 /* Optional+extensions.swift */,
				538422EC23F971A0006CFB29 /* String+extensions.swift */,
				538422DE23F96C7E006CFB29 /* UIView+extensions.swift */,
				538422E023F96CBA006CFB29 /* UIViewController+extensions.swift */,
			);
			path = Extensions;
			sourceTree = "<group>";
		};
		538422E223F96CD7006CFB29 /* Protocols */ = {
			isa = PBXGroup;
			children = (
				538422E323F96CE5006CFB29 /* UIIdentifiable.swift */,
			);
			path = Protocols;
			sourceTree = "<group>";
		};
		538422E923F970C8006CFB29 /* Components */ = {
			isa = PBXGroup;
			children = (
				538422F023F97350006CFB29 /* UILocalizableButton.swift */,
				538422EA23F970E4006CFB29 /* UILocalizableLabel.swift */,
			);
			path = Components;
			sourceTree = "<group>";
		};
		53F2BC5323FAFE59005D0433 /* Features */ = {
			isa = PBXGroup;
			children = (
				53F2BC5423FAFE69005D0433 /* Query.swift */,
			);
			path = Features;
			sourceTree = "<group>";
		};
/* End PBXGroup section */

/* Begin PBXHeadersBuildPhase section */
		538422B123F8BBAE006CFB29 /* Headers */ = {
			isa = PBXHeadersBuildPhase;
			buildActionMask = 2147483647;
			files = (
				538422C723F8BBAE006CFB29 /* ExtendedFoundations.h in Headers */,
			);
			runOnlyForDeploymentPostprocessing = 0;
		};
/* End PBXHeadersBuildPhase section */

/* Begin PBXNativeTarget section */
		538422B523F8BBAE006CFB29 /* ExtendedFoundations */ = {
			isa = PBXNativeTarget;
			buildConfigurationList = 538422CA23F8BBAE006CFB29 /* Build configuration list for PBXNativeTarget "ExtendedFoundations" */;
			buildPhases = (
				538422B123F8BBAE006CFB29 /* Headers */,
				538422B223F8BBAE006CFB29 /* Sources */,
				538422B323F8BBAE006CFB29 /* Frameworks */,
				538422B423F8BBAE006CFB29 /* Resources */,
			);
			buildRules = (
			);
			dependencies = (
			);
			name = ExtendedFoundations;
			productName = ExtendedFoundations;
			productReference = 538422B623F8BBAE006CFB29 /* ExtendedFoundations.framework */;
			productType = "com.apple.product-type.framework";
		};
		538422BE23F8BBAE006CFB29 /* ExtendedFoundationsTests */ = {
			isa = PBXNativeTarget;
			buildConfigurationList = 538422CD23F8BBAE006CFB29 /* Build configuration list for PBXNativeTarget "ExtendedFoundationsTests" */;
			buildPhases = (
				538422BB23F8BBAE006CFB29 /* Sources */,
				538422BC23F8BBAE006CFB29 /* Frameworks */,
				538422BD23F8BBAE006CFB29 /* Resources */,
			);
			buildRules = (
			);
			dependencies = (
				538422C223F8BBAE006CFB29 /* PBXTargetDependency */,
			);
			name = ExtendedFoundationsTests;
			productName = ExtendedFoundationsTests;
			productReference = 538422BF23F8BBAE006CFB29 /* ExtendedFoundationsTests.xctest */;
			productType = "com.apple.product-type.bundle.unit-test";
		};
/* End PBXNativeTarget section */

/* Begin PBXProject section */
		538422AD23F8BBAE006CFB29 /* Project object */ = {
			isa = PBXProject;
			attributes = {
				LastSwiftUpdateCheck = 1130;
				LastUpgradeCheck = 1130;
				ORGANIZATIONNAME = jtouzy;
				TargetAttributes = {
					538422B523F8BBAE006CFB29 = {
						CreatedOnToolsVersion = 11.3.1;
					};
					538422BE23F8BBAE006CFB29 = {
						CreatedOnToolsVersion = 11.3.1;
					};
				};
			};
			buildConfigurationList = 538422B023F8BBAE006CFB29 /* Build configuration list for PBXProject "ExtendedFoundations" */;
			compatibilityVersion = "Xcode 9.3";
			developmentRegion = en;
			hasScannedForEncodings = 0;
			knownRegions = (
				en,
				Base,
			);
			mainGroup = 538422AC23F8BBAE006CFB29;
			productRefGroup = 538422B723F8BBAE006CFB29 /* Products */;
			projectDirPath = "";
			projectRoot = "";
			targets = (
				538422B523F8BBAE006CFB29 /* ExtendedFoundations */,
				538422BE23F8BBAE006CFB29 /* ExtendedFoundationsTests */,
			);
		};
/* End PBXProject section */

/* Begin PBXResourcesBuildPhase section */
		538422B423F8BBAE006CFB29 /* Resources */ = {
			isa = PBXResourcesBuildPhase;
			buildActionMask = 2147483647;
			files = (
			);
			runOnlyForDeploymentPostprocessing = 0;
		};
		538422BD23F8BBAE006CFB29 /* Resources */ = {
			isa = PBXResourcesBuildPhase;
			buildActionMask = 2147483647;
			files = (
			);
			runOnlyForDeploymentPostprocessing = 0;
		};
/* End PBXResourcesBuildPhase section */

/* Begin PBXSourcesBuildPhase section */
		538422B223F8BBAE006CFB29 /* Sources */ = {
			isa = PBXSourcesBuildPhase;
			buildActionMask = 2147483647;
			files = (
				53F2BC5523FAFE69005D0433 /* Query.swift in Sources */,
				538422DF23F96C7E006CFB29 /* UIView+extensions.swift in Sources */,
				538422EB23F970E4006CFB29 /* UILocalizableLabel.swift in Sources */,
				53E2EF9B23FA00E900138545 /* CGSize+extensions.swift in Sources */,
				538422F123F97350006CFB29 /* UILocalizableButton.swift in Sources */,
				538422E423F96CE5006CFB29 /* UIIdentifiable.swift in Sources */,
				53F2BC5223FAFE08005D0433 /* Mirror+extensions.swift in Sources */,
				538422DD23F96C3F006CFB29 /* Optional+extensions.swift in Sources */,
				538422ED23F971A0006CFB29 /* String+extensions.swift in Sources */,
				538422E123F96CBA006CFB29 /* UIViewController+extensions.swift in Sources */,
			);
			runOnlyForDeploymentPostprocessing = 0;
		};
		538422BB23F8BBAE006CFB29 /* Sources */ = {
			isa = PBXSourcesBuildPhase;
			buildActionMask = 2147483647;
			files = (
			);
			runOnlyForDeploymentPostprocessing = 0;
		};
/* End PBXSourcesBuildPhase section */

/* Begin PBXTargetDependency section */
		538422C223F8BBAE006CFB29 /* PBXTargetDependency */ = {
			isa = PBXTargetDependency;
			target = 538422B523F8BBAE006CFB29 /* ExtendedFoundations */;
			targetProxy = 538422C123F8BBAE006CFB29 /* PBXContainerItemProxy */;
		};
/* End PBXTargetDependency section */

/* Begin XCBuildConfiguration section */
		538422C823F8BBAE006CFB29 /* Debug */ = {
			isa = XCBuildConfiguration;
			buildSettings = {
				ALWAYS_SEARCH_USER_PATHS = NO;
				CLANG_ANALYZER_NONNULL = YES;
				CLANG_ANALYZER_NUMBER_OBJECT_CONVERSION = YES_AGGRESSIVE;
				CLANG_CXX_LANGUAGE_STANDARD = "gnu++14";
				CLANG_CXX_LIBRARY = "libc++";
				CLANG_ENABLE_MODULES = YES;
				CLANG_ENABLE_OBJC_ARC = YES;
				CLANG_ENABLE_OBJC_WEAK = YES;
				CLANG_WARN_BLOCK_CAPTURE_AUTORELEASING = YES;
				CLANG_WARN_BOOL_CONVERSION = YES;
				CLANG_WARN_COMMA = YES;
				CLANG_WARN_CONSTANT_CONVERSION = YES;
				CLANG_WARN_DEPRECATED_OBJC_IMPLEMENTATIONS = YES;
				CLANG_WARN_DIRECT_OBJC_ISA_USAGE = YES_ERROR;
				CLANG_WARN_DOCUMENTATION_COMMENTS = YES;
				CLANG_WARN_EMPTY_BODY = YES;
				CLANG_WARN_ENUM_CONVERSION = YES;
				CLANG_WARN_INFINITE_RECURSION = YES;
				CLANG_WARN_INT_CONVERSION = YES;
				CLANG_WARN_NON_LITERAL_NULL_CONVERSION = YES;
				CLANG_WARN_OBJC_IMPLICIT_RETAIN_SELF = YES;
				CLANG_WARN_OBJC_LITERAL_CONVERSION = YES;
				CLANG_WARN_OBJC_ROOT_CLASS = YES_ERROR;
				CLANG_WARN_RANGE_LOOP_ANALYSIS = YES;
				CLANG_WARN_STRICT_PROTOTYPES = YES;
				CLANG_WARN_SUSPICIOUS_MOVE = YES;
				CLANG_WARN_UNGUARDED_AVAILABILITY = YES_AGGRESSIVE;
				CLANG_WARN_UNREACHABLE_CODE = YES;
				CLANG_WARN__DUPLICATE_METHOD_MATCH = YES;
				COPY_PHASE_STRIP = NO;
				CURRENT_PROJECT_VERSION = 1;
				DEBUG_INFORMATION_FORMAT = dwarf;
				ENABLE_STRICT_OBJC_MSGSEND = YES;
				ENABLE_TESTABILITY = YES;
				GCC_C_LANGUAGE_STANDARD = gnu11;
				GCC_DYNAMIC_NO_PIC = NO;
				GCC_NO_COMMON_BLOCKS = YES;
				GCC_OPTIMIZATION_LEVEL = 0;
				GCC_PREPROCESSOR_DEFINITIONS = (
					"DEBUG=1",
					"$(inherited)",
				);
				GCC_WARN_64_TO_32_BIT_CONVERSION = YES;
				GCC_WARN_ABOUT_RETURN_TYPE = YES_ERROR;
				GCC_WARN_UNDECLARED_SELECTOR = YES;
				GCC_WARN_UNINITIALIZED_AUTOS = YES_AGGRESSIVE;
				GCC_WARN_UNUSED_FUNCTION = YES;
				GCC_WARN_UNUSED_VARIABLE = YES;
				IPHONEOS_DEPLOYMENT_TARGET = 13.1;
				MTL_ENABLE_DEBUG_INFO = INCLUDE_SOURCE;
				MTL_FAST_MATH = YES;
				ONLY_ACTIVE_ARCH = YES;
				SDKROOT = iphoneos;
				SWIFT_ACTIVE_COMPILATION_CONDITIONS = DEBUG;
				SWIFT_OPTIMIZATION_LEVEL = "-Onone";
				VERSIONING_SYSTEM = "apple-generic";
				VERSION_INFO_PREFIX = "";
			};
			name = Debug;
		};
		538422C923F8BBAE006CFB29 /* Release */ = {
			isa = XCBuildConfiguration;
			buildSettings = {
				ALWAYS_SEARCH_USER_PATHS = NO;
				CLANG_ANALYZER_NONNULL = YES;
				CLANG_ANALYZER_NUMBER_OBJECT_CONVERSION = YES_AGGRESSIVE;
				CLANG_CXX_LANGUAGE_STANDARD = "gnu++14";
				CLANG_CXX_LIBRARY = "libc++";
				CLANG_ENABLE_MODULES = YES;
				CLANG_ENABLE_OBJC_ARC = YES;
				CLANG_ENABLE_OBJC_WEAK = YES;
				CLANG_WARN_BLOCK_CAPTURE_AUTORELEASING = YES;
				CLANG_WARN_BOOL_CONVERSION = YES;
				CLANG_WARN_COMMA = YES;
				CLANG_WARN_CONSTANT_CONVERSION = YES;
				CLANG_WARN_DEPRECATED_OBJC_IMPLEMENTATIONS = YES;
				CLANG_WARN_DIRECT_OBJC_ISA_USAGE = YES_ERROR;
				CLANG_WARN_DOCUMENTATION_COMMENTS = YES;
				CLANG_WARN_EMPTY_BODY = YES;
				CLANG_WARN_ENUM_CONVERSION = YES;
				CLANG_WARN_INFINITE_RECURSION = YES;
				CLANG_WARN_INT_CONVERSION = YES;
				CLANG_WARN_NON_LITERAL_NULL_CONVERSION = YES;
				CLANG_WARN_OBJC_IMPLICIT_RETAIN_SELF = YES;
				CLANG_WARN_OBJC_LITERAL_CONVERSION = YES;
				CLANG_WARN_OBJC_ROOT_CLASS = YES_ERROR;
				CLANG_WARN_RANGE_LOOP_ANALYSIS = YES;
				CLANG_WARN_STRICT_PROTOTYPES = YES;
				CLANG_WARN_SUSPICIOUS_MOVE = YES;
				CLANG_WARN_UNGUARDED_AVAILABILITY = YES_AGGRESSIVE;
				CLANG_WARN_UNREACHABLE_CODE = YES;
				CLANG_WARN__DUPLICATE_METHOD_MATCH = YES;
				COPY_PHASE_STRIP = NO;
				CURRENT_PROJECT_VERSION = 1;
				DEBUG_INFORMATION_FORMAT = "dwarf-with-dsym";
				ENABLE_NS_ASSERTIONS = NO;
				ENABLE_STRICT_OBJC_MSGSEND = YES;
				GCC_C_LANGUAGE_STANDARD = gnu11;
				GCC_NO_COMMON_BLOCKS = YES;
				GCC_WARN_64_TO_32_BIT_CONVERSION = YES;
				GCC_WARN_ABOUT_RETURN_TYPE = YES_ERROR;
				GCC_WARN_UNDECLARED_SELECTOR = YES;
				GCC_WARN_UNINITIALIZED_AUTOS = YES_AGGRESSIVE;
				GCC_WARN_UNUSED_FUNCTION = YES;
				GCC_WARN_UNUSED_VARIABLE = YES;
				IPHONEOS_DEPLOYMENT_TARGET = 13.1;
				MTL_ENABLE_DEBUG_INFO = NO;
				MTL_FAST_MATH = YES;
				SDKROOT = iphoneos;
				SWIFT_COMPILATION_MODE = wholemodule;
				SWIFT_OPTIMIZATION_LEVEL = "-O";
				VALIDATE_PRODUCT = YES;
				VERSIONING_SYSTEM = "apple-generic";
				VERSION_INFO_PREFIX = "";
			};
			name = Release;
		};
		538422CB23F8BBAE006CFB29 /* Debug */ = {
			isa = XCBuildConfiguration;
			buildSettings = {
				CODE_SIGN_STYLE = Automatic;
				DEFINES_MODULE = YES;
				DEVELOPMENT_TEAM = 23A3PS5QB5;
				DYLIB_COMPATIBILITY_VERSION = 1;
				DYLIB_CURRENT_VERSION = 1;
				DYLIB_INSTALL_NAME_BASE = "@rpath";
				INFOPLIST_FILE = ExtendedFoundations/Info.plist;
				INSTALL_PATH = "$(LOCAL_LIBRARY_DIR)/Frameworks";
				LD_RUNPATH_SEARCH_PATHS = (
					"$(inherited)",
					"@executable_path/Frameworks",
					"@loader_path/Frameworks",
				);
				PRODUCT_BUNDLE_IDENTIFIER = com.jtouzy.ExtendedFoundations;
				PRODUCT_NAME = "$(TARGET_NAME:c99extidentifier)";
				SKIP_INSTALL = YES;
				SWIFT_VERSION = 5.0;
				TARGETED_DEVICE_FAMILY = "1,2";
			};
			name = Debug;
		};
		538422CC23F8BBAE006CFB29 /* Release */ = {
			isa = XCBuildConfiguration;
			buildSettings = {
				CODE_SIGN_STYLE = Automatic;
				DEFINES_MODULE = YES;
				DEVELOPMENT_TEAM = 23A3PS5QB5;
				DYLIB_COMPATIBILITY_VERSION = 1;
				DYLIB_CURRENT_VERSION = 1;
				DYLIB_INSTALL_NAME_BASE = "@rpath";
				INFOPLIST_FILE = ExtendedFoundations/Info.plist;
				INSTALL_PATH = "$(LOCAL_LIBRARY_DIR)/Frameworks";
				LD_RUNPATH_SEARCH_PATHS = (
					"$(inherited)",
					"@executable_path/Frameworks",
					"@loader_path/Frameworks",
				);
				PRODUCT_BUNDLE_IDENTIFIER = com.jtouzy.ExtendedFoundations;
				PRODUCT_NAME = "$(TARGET_NAME:c99extidentifier)";
				SKIP_INSTALL = YES;
				SWIFT_VERSION = 5.0;
				TARGETED_DEVICE_FAMILY = "1,2";
			};
			name = Release;
		};
		538422CE23F8BBAE006CFB29 /* Debug */ = {
			isa = XCBuildConfiguration;
			buildSettings = {
				ALWAYS_EMBED_SWIFT_STANDARD_LIBRARIES = YES;
				CODE_SIGN_STYLE = Automatic;
				DEVELOPMENT_TEAM = 23A3PS5QB5;
				INFOPLIST_FILE = ExtendedFoundationsTests/Info.plist;
				LD_RUNPATH_SEARCH_PATHS = (
					"$(inherited)",
					"@executable_path/Frameworks",
					"@loader_path/Frameworks",
				);
				PRODUCT_BUNDLE_IDENTIFIER = com.jtouzy.ExtendedFoundationsTests;
				PRODUCT_NAME = "$(TARGET_NAME)";
				SWIFT_VERSION = 5.0;
				TARGETED_DEVICE_FAMILY = "1,2";
			};
			name = Debug;
		};
		538422CF23F8BBAE006CFB29 /* Release */ = {
			isa = XCBuildConfiguration;
			buildSettings = {
				ALWAYS_EMBED_SWIFT_STANDARD_LIBRARIES = YES;
				CODE_SIGN_STYLE = Automatic;
				DEVELOPMENT_TEAM = 23A3PS5QB5;
				INFOPLIST_FILE = ExtendedFoundationsTests/Info.plist;
				LD_RUNPATH_SEARCH_PATHS = (
					"$(inherited)",
					"@executable_path/Frameworks",
					"@loader_path/Frameworks",
				);
				PRODUCT_BUNDLE_IDENTIFIER = com.jtouzy.ExtendedFoundationsTests;
				PRODUCT_NAME = "$(TARGET_NAME)";
				SWIFT_VERSION = 5.0;
				TARGETED_DEVICE_FAMILY = "1,2";
			};
			name = Release;
		};
/* End XCBuildConfiguration section */

/* Begin XCConfigurationList section */
		538422B023F8BBAE006CFB29 /* Build configuration list for PBXProject "ExtendedFoundations" */ = {
			isa = XCConfigurationList;
			buildConfigurations = (
				538422C823F8BBAE006CFB29 /* Debug */,
				538422C923F8BBAE006CFB29 /* Release */,
			);
			defaultConfigurationIsVisible = 0;
			defaultConfigurationName = Release;
		};
		538422CA23F8BBAE006CFB29 /* Build configuration list for PBXNativeTarget "ExtendedFoundations" */ = {
			isa = XCConfigurationList;
			buildConfigurations = (
				538422CB23F8BBAE006CFB29 /* Debug */,
				538422CC23F8BBAE006CFB29 /* Release */,
			);
			defaultConfigurationIsVisible = 0;
			defaultConfigurationName = Release;
		};
		538422CD23F8BBAE006CFB29 /* Build configuration list for PBXNativeTarget "ExtendedFoundationsTests" */ = {
			isa = XCConfigurationList;
			buildConfigurations = (
				538422CE23F8BBAE006CFB29 /* Debug */,
				538422CF23F8BBAE006CFB29 /* Release */,
			);
			defaultConfigurationIsVisible = 0;
			defaultConfigurationName = Release;
		};
/* End XCConfigurationList section */
	};
	rootObject = 538422AD23F8BBAE006CFB29 /* Project object */;
}
